PODS:
  - Alamofire (4.0.1)
  - Bolts (1.8.4):
    - Bolts/AppLinks (= 1.8.4)
    - Bolts/Tasks (= 1.8.4)
  - Bolts/AppLinks (1.8.4):
    - Bolts/Tasks
  - Bolts/Tasks (1.8.4)
  - Crashlytics (3.8.2):
    - Fabric (~> 1.6.3)
  - DACircularProgress (2.3.1)
  - DateTools (1.7.0)
  - DeepLinkKit (1.2.1)
  - DeviceKit (1.0.0)
  - Fabric (1.6.9)
  - FBSDKCoreKit (4.16.0):
    - Bolts (~> 1.7)
  - FBSDKLoginKit (4.16.0):
    - FBSDKCoreKit
  - FRHyperLabel (1.0.3)
  - IDMPhotoBrowser (1.8.4):
    - DACircularProgress
    - pop
    - SDWebImage
  - ImagePicker (2.0.0)
  - KeychainAccess (3.0.0)
  - KLCPopup (1.0)
  - MBProgressHUD (1.0.0)
  - NHAlignmentFlowLayout (0.1.0)
  - ObjectMapper (2.0.0)
  - OneSignal (2.1.16)
  - pop (1.0.9)
  - SDWebImage (3.8.2):
    - SDWebImage/Core (= 3.8.2)
  - SDWebImage/Core (3.8.2)
  - SwiftyBeaver (1.0.3)
  - SwiftyJSON (3.1.0)
  - SwiftyTimer (2.0.0)
  - UITextView+Placeholder (1.2.0)

DEPENDENCIES:
  - Alamofire (~> 4.0)
  - Crashlytics (~> 3.8)
  - DateTools (~> 1.7)
  - DeepLinkKit (~> 1.2)
  - DeviceKit (~> 1.0)
  - Fabric (~> 1.6)
  - FBSDKCoreKit (~> 4.15)
  - FBSDKLoginKit (~> 4.15)
  - FRHyperLabel (~> 1.0)
  - IDMPhotoBrowser (~> 1.8)
  - ImagePicker (from `https://github.com/hyperoslo/ImagePicker.git`)
  - KeychainAccess (~> 3.0)
  - KLCPopup (~> 1.0)
  - MBProgressHUD (~> 1.0)
  - NHAlignmentFlowLayout (~> 0.1)
  - ObjectMapper (~> 2.0)
  - OneSignal
  - SDWebImage (~> 3.8)
  - SwiftyBeaver (~> 1.0)
  - SwiftyJSON (~> 3.0)
  - SwiftyTimer (from `https://github.com/radex/SwiftyTimer.git`, branch `swift3`)
  - UITextView+Placeholder

EXTERNAL SOURCES:
  ImagePicker:
    :git: https://github.com/hyperoslo/ImagePicker.git
  SwiftyTimer:
    :branch: swift3
    :git: https://github.com/radex/SwiftyTimer.git

CHECKOUT OPTIONS:
  ImagePicker:
    :commit: 36db6a2dd1a2a1fdfa65f15cb91622b0669311b6
    :git: https://github.com/hyperoslo/ImagePicker.git
  SwiftyTimer:
    :commit: a51e1b0a10787a42e45b14553f3803f68c790291
    :git: https://github.com/radex/SwiftyTimer.git

SPEC CHECKSUMS:
  Alamofire: 7682d43245de14874acd142ec137b144aa1dd335
  Bolts: 8a7995239dbe724f9cba2248b766d48b7ebdd322
  Crashlytics: 27acca95a01b042a8294291dd6dff27f8f6af6d7
  DACircularProgress: 4dd437c0fc3da5161cb289e07ac449493d41db71
  DateTools: 53288ee8b905fdc75897a1e6b5cc0144b14cba60
  DeepLinkKit: 4c3a713b7ecc6c6e25ba56c87d0c728f6035a9ef
  DeviceKit: ddead7f3a7c9603ba3a63cb748566428c38dd11f
  Fabric: bc5bec42cef4bcf1ee3ce0e218fc518e4b44dfbb
  FBSDKCoreKit: 7a6baaed4a2b2a244ba253346713bdbc74df135b
  FBSDKLoginKit: 9a514a55a7d05190f64d4ef09502737588b5b561
  FRHyperLabel: 99d08d3667880b4c430071c9afbcb93aaaa34b37
  IDMPhotoBrowser: b574fe3229754e701f32df271afbc4ac7e4e1997
  ImagePicker: 81175d36c2852cb543cb4f5d6c19e28f3e8d90eb
  KeychainAccess: 412bf2650d9aebfc8135a58103b90ec38caad7f8
  KLCPopup: 76c5a19227977f1e53d85236f9ef42257c168d98
  MBProgressHUD: 4890f671c94e8a0f3cf959aa731e9de2f036d71a
  NHAlignmentFlowLayout: 7f7e9bd79774a7c733e7ac232f2a131a0ce095b9
  ObjectMapper: aed2570edabbd3c9b26c939e1cabdb6558f933e0
  OneSignal: 7a4272f857d3005949f83a373868c5c98d02f203
  pop: f667631a5108a2e60d9e8797c9b32ddaf2080bce
  SDWebImage: 098e97e6176540799c27e804c96653ee0833d13c
  SwiftyBeaver: e42a664ffbdb5ec68ce968ffd3c54f619c92e0d7
  SwiftyJSON: 29b9f2a64f118c07e691667c2ba1efe536acfe0b
  SwiftyTimer: 2efd74b060d69ad4f1496baf5bbedbe132125fcf
  UITextView+Placeholder: 77680995fcdd07c3f52ec92fe1150874a2ac89ff

PODFILE CHECKSUM: 0290722fbfec60ae187bec90a34bb4c9cb6263be

COCOAPODS: 1.1.0.rc.3
