PODS:
  - Alamofire (3.3.1)
  - Bolts (1.7.0):
    - Bolts/AppLinks (= 1.7.0)
    - Bolts/Tasks (= 1.7.0)
  - Bolts/AppLinks (1.7.0):
    - Bolts/Tasks
  - Bolts/Tasks (1.7.0)
  - Charts (2.2.4):
    - Charts/Core (= 2.2.4)
  - Charts/Core (2.2.4)
  - Cosmos (1.2.2)
  - FBSDKCoreKit (4.11.0):
    - Bolts (~> 1.7)
  - FBSDKLoginKit (4.11.0):
    - FBSDKCoreKit
  - HidingNavigationBar (0.3.0)
  - KeychainAccess (2.3.5)
  - NMRangeSlider (1.2.1)
  - ObjectMapper (1.2.0)
  - SDWebImage (3.7.5):
    - SDWebImage/Core (= 3.7.5)
  - SDWebImage/Core (3.7.5)
  - SwiftyBeaver (0.4.2)
  - SwiftyJSON (2.3.2)
  - UITextView+Placeholder (1.2.0)

DEPENDENCIES:
  - Alamofire
  - Charts
  - Cosmos (~> 1.2)
  - FBSDKCoreKit (~> 4.11)
  - FBSDKLoginKit (~> 4.11)
  - HidingNavigationBar (~> 0.3)
  - KeychainAccess
  - NMRangeSlider
  - ObjectMapper
  - SDWebImage
  - SwiftyBeaver
  - SwiftyJSON
  - UITextView+Placeholder (~> 1.2)

SPEC CHECKSUMS:
  Alamofire: 369bc67b6f5ac33ded3648d7bd21c5bfb91c2ecc
  Bolts: a0058fa3b331c5a1e4402d534f2dae36dbff31e4
  Charts: a9e735c83c6d376ade20f6612dcf0ba217394a49
  Cosmos: 87c49100c69d2cb2eebfa4eb8d1e801fe29ff774
  FBSDKCoreKit: 686ac982723a14ec9ddb85e2f81235d7706c891b
  FBSDKLoginKit: bade9fc78277764149ccc5bfaadbf13c83175c6a
  HidingNavigationBar: 6378af14cea27bfef8be73470b081a36d45b87c4
  KeychainAccess: e283c1981a6c5655e1984cd411c6faf16fa165ae
  NMRangeSlider: 317ded652431eb90501c8421d9cddc3930d891e6
  ObjectMapper: b1e9c7c8a9f6400b72690c80072c131504caa66f
  SDWebImage: 69c6303e3348fba97e03f65d65d4fbc26740f461
  SwiftyBeaver: 3eced9aabe4f10b975453cc1baaa2d523a5eaeae
  SwiftyJSON: 04ccea08915aa0109039157c7974cf0298da292a
  UITextView+Placeholder: 77680995fcdd07c3f52ec92fe1150874a2ac89ff

COCOAPODS: 0.39.0
