// !$*UTF8*$!
{
	archiveVersion = 1;
	classes = {
	};
	objectVersion = 46;
	objects = {

/* Begin PBXBuildFile section */
		35D2CA6AC9BC70A0D97C9B38 /* Pods_Layers.framework in Frameworks */ = {isa = PBXBuildFile; fileRef = C29055E7EACEA98F3107E42C /* Pods_Layers.framework */; };
		70032F541D5F9CCC00BCA625 /* DiscoverPopup.xib in Resources */ = {isa = PBXBuildFile; fileRef = 70032F531D5F9CCC00BCA625 /* DiscoverPopup.xib */; };
		70032F561D5F9F1200BCA625 /* DiscoverPopupView.swift in Sources */ = {isa = PBXBuildFile; fileRef = 70032F551D5F9F1200BCA625 /* DiscoverPopupView.swift */; };
		7003C1A81D446E9200FB531B /* LoginValidation.swift in Sources */ = {isa = PBXBuildFile; fileRef = 7003C1A71D446E9200FB531B /* LoginValidation.swift */; };
		70059C951CD672990094B454 /* FacebookUserResponse.swift in Sources */ = {isa = PBXBuildFile; fileRef = 70059C941CD672990094B454 /* FacebookUserResponse.swift */; };
		701B59D01D4F925300354C68 /* FakeProgressView.swift in Sources */ = {isa = PBXBuildFile; fileRef = 701B59CF1D4F925300354C68 /* FakeProgressView.swift */; };
		7022F2F51CFCAD100097DDF9 /* AWSManager.swift in Sources */ = {isa = PBXBuildFile; fileRef = 7022F2F41CFCAD100097DDF9 /* AWSManager.swift */; };
		7024AA381D259E4D00069B59 /* DeviceTokenResponse.swift in Sources */ = {isa = PBXBuildFile; fileRef = 7024AA371D259E4D00069B59 /* DeviceTokenResponse.swift */; };
		702FC2F11CC2D8470012969C /* UINavigationItem+BackButton.m in Sources */ = {isa = PBXBuildFile; fileRef = 702FC2F01CC2D8470012969C /* UINavigationItem+BackButton.m */; };
		702FC2FC1CC344960012969C /* EmailCreateAccountViewController.swift in Sources */ = {isa = PBXBuildFile; fileRef = 702FC2FB1CC344960012969C /* EmailCreateAccountViewController.swift */; };
		702FC3011CC3FE6D0012969C /* ContactUsViewController.swift in Sources */ = {isa = PBXBuildFile; fileRef = 702FC3001CC3FE6D0012969C /* ContactUsViewController.swift */; };
		702FC3031CC408FC0012969C /* TextViewCell.swift in Sources */ = {isa = PBXBuildFile; fileRef = 702FC3021CC408FC0012969C /* TextViewCell.swift */; };
		703143AA1D7B84EE0032D54F /* Montserrat-Light.otf in Resources */ = {isa = PBXBuildFile; fileRef = 703143A71D7B84EE0032D54F /* Montserrat-Light.otf */; };
		703143AB1D7B84EE0032D54F /* Montserrat-Regular.otf in Resources */ = {isa = PBXBuildFile; fileRef = 703143A81D7B84EE0032D54F /* Montserrat-Regular.otf */; };
		703143AC1D7B84EE0032D54F /* Montserrat-SemiBold.otf in Resources */ = {isa = PBXBuildFile; fileRef = 703143A91D7B84EE0032D54F /* Montserrat-SemiBold.otf */; };
		703143B01D7B8B1E0032D54F /* NotificationsViewController.swift in Sources */ = {isa = PBXBuildFile; fileRef = 703143AF1D7B8B1E0032D54F /* NotificationsViewController.swift */; };
		703143B21D7B8BA80032D54F /* Notifications.storyboard in Resources */ = {isa = PBXBuildFile; fileRef = 703143B11D7B8BA80032D54F /* Notifications.storyboard */; };
		703143B41D7B8EA70032D54F /* NotificationCell.swift in Sources */ = {isa = PBXBuildFile; fileRef = 703143B31D7B8EA70032D54F /* NotificationCell.swift */; };
		703143B61D7B8F410032D54F /* NotificationResponse.swift in Sources */ = {isa = PBXBuildFile; fileRef = 703143B51D7B8F410032D54F /* NotificationResponse.swift */; };
		703143B81D7BD13F0032D54F /* LoginViewController.swift in Sources */ = {isa = PBXBuildFile; fileRef = 703143B71D7BD13F0032D54F /* LoginViewController.swift */; };
		70329DE71D7E75A400C1D9D0 /* SearchResults.swift in Sources */ = {isa = PBXBuildFile; fileRef = 70329DE61D7E75A400C1D9D0 /* SearchResults.swift */; };
		70329DE91D7E75E600C1D9D0 /* SimpleProduct.swift in Sources */ = {isa = PBXBuildFile; fileRef = 70329DE81D7E75E600C1D9D0 /* SimpleProduct.swift */; };
		70329DEB1D7EFE5F00C1D9D0 /* SearchCell.swift in Sources */ = {isa = PBXBuildFile; fileRef = 70329DEA1D7EFE5F00C1D9D0 /* SearchCell.swift */; };
		70329DED1D7F3B4C00C1D9D0 /* CategoryCell.swift in Sources */ = {isa = PBXBuildFile; fileRef = 70329DEC1D7F3B4C00C1D9D0 /* CategoryCell.swift */; };
		70329DF11D7F744600C1D9D0 /* VariantColors.swift in Sources */ = {isa = PBXBuildFile; fileRef = 70329DF01D7F744500C1D9D0 /* VariantColors.swift */; };
		7033C7401D5E707E0035A13D /* ProductWebViewController.swift in Sources */ = {isa = PBXBuildFile; fileRef = 7033C73F1D5E707E0035A13D /* ProductWebViewController.swift */; };
		7033C7421D5E7C780035A13D /* ProductWebNavigationController.swift in Sources */ = {isa = PBXBuildFile; fileRef = 7033C7411D5E7C780035A13D /* ProductWebNavigationController.swift */; };
		703D463A1D15C21700AB25C0 /* OpenSourceViewController.swift in Sources */ = {isa = PBXBuildFile; fileRef = 703D46391D15C21700AB25C0 /* OpenSourceViewController.swift */; };
		703D463C1D15C75300AB25C0 /* OpenSourceCell.swift in Sources */ = {isa = PBXBuildFile; fileRef = 703D463B1D15C75300AB25C0 /* OpenSourceCell.swift */; };
		703D463F1D15CA7E00AB25C0 /* OpenSource.swift in Sources */ = {isa = PBXBuildFile; fileRef = 703D463E1D15CA7E00AB25C0 /* OpenSource.swift */; };
		703D46411D15CCCA00AB25C0 /* OpenSourceList.plist in Resources */ = {isa = PBXBuildFile; fileRef = 703D46401D15CCCA00AB25C0 /* OpenSourceList.plist */; };
		703D46431D16261900AB25C0 /* DeviceComparison.swift in Sources */ = {isa = PBXBuildFile; fileRef = 703D46421D16261900AB25C0 /* DeviceComparison.swift */; };
		70488C521CE63C3E0085BAE9 /* ColorCell.swift in Sources */ = {isa = PBXBuildFile; fileRef = 70488C511CE63C3E0085BAE9 /* ColorCell.swift */; };
		70488C541CE63C640085BAE9 /* ColorFilterViewController.swift in Sources */ = {isa = PBXBuildFile; fileRef = 70488C531CE63C640085BAE9 /* ColorFilterViewController.swift */; };
		704FD3A31D83579C00CC8F9A /* AccountHomeViewController.swift in Sources */ = {isa = PBXBuildFile; fileRef = 704FD3A21D83579C00CC8F9A /* AccountHomeViewController.swift */; };
		704FD3A51D8485FF00CC8F9A /* BasicCollectionCell.swift in Sources */ = {isa = PBXBuildFile; fileRef = 704FD3A41D8485FF00CC8F9A /* BasicCollectionCell.swift */; };
		704FD3A71D84885600CC8F9A /* AccountHeaderCell.swift in Sources */ = {isa = PBXBuildFile; fileRef = 704FD3A61D84885600CC8F9A /* AccountHeaderCell.swift */; };
		704FD3AA1D8493F400CC8F9A /* HeaderView.swift in Sources */ = {isa = PBXBuildFile; fileRef = 704FD3A91D8493F400CC8F9A /* HeaderView.swift */; };
		704FD3AC1D84940900CC8F9A /* HeaderView.xib in Resources */ = {isa = PBXBuildFile; fileRef = 704FD3AB1D84940900CC8F9A /* HeaderView.xib */; };
		7053903A1CD7ED9100DA8E15 /* SafeIndex.swift in Sources */ = {isa = PBXBuildFile; fileRef = 705390391CD7ED9100DA8E15 /* SafeIndex.swift */; };
		70676BA31D61798E00219E9C /* Layers.entitlements in Resources */ = {isa = PBXBuildFile; fileRef = 70676BA21D61798E00219E9C /* Layers.entitlements */; };
		706FF88A1CBC54F8007B26AD /* EmailLoginViewController.swift in Sources */ = {isa = PBXBuildFile; fileRef = 706FF8891CBC54F8007B26AD /* EmailLoginViewController.swift */; };
		706FF88C1CBC57D6007B26AD /* TextFieldCell.swift in Sources */ = {isa = PBXBuildFile; fileRef = 706FF88B1CBC57D6007B26AD /* TextFieldCell.swift */; };
		706FF8911CBD6B6C007B26AD /* SizeCell.swift in Sources */ = {isa = PBXBuildFile; fileRef = 706FF8901CBD6B6C007B26AD /* SizeCell.swift */; };
		706FF8941CBD6B83007B26AD /* StyleCell.swift in Sources */ = {isa = PBXBuildFile; fileRef = 706FF8931CBD6B83007B26AD /* StyleCell.swift */; };
		706FF8961CBD6B95007B26AD /* PriceGraphCell.swift in Sources */ = {isa = PBXBuildFile; fileRef = 706FF8951CBD6B95007B26AD /* PriceGraphCell.swift */; };
		706FF8981CBD6E3E007B26AD /* OverallReviewCell.swift in Sources */ = {isa = PBXBuildFile; fileRef = 706FF8971CBD6E3E007B26AD /* OverallReviewCell.swift */; };
		706FF89A1CBD6E7A007B26AD /* AlternateReviewCell.swift in Sources */ = {isa = PBXBuildFile; fileRef = 706FF8991CBD6E7A007B26AD /* AlternateReviewCell.swift */; };
		706FF8A31CBDF771007B26AD /* SimpleProductHeaderCell.swift in Sources */ = {isa = PBXBuildFile; fileRef = 706FF8A21CBDF771007B26AD /* SimpleProductHeaderCell.swift */; };
		70776FC61CC5F881002E6F25 /* FilterViewController.swift in Sources */ = {isa = PBXBuildFile; fileRef = 70776FC51CC5F881002E6F25 /* FilterViewController.swift */; };
		70776FD11CC8A90C002E6F25 /* Localizable.strings in Resources */ = {isa = PBXBuildFile; fileRef = 70776FD01CC8A90C002E6F25 /* Localizable.strings */; };
		70776FD31CC8A9FF002E6F25 /* Localization.swift in Sources */ = {isa = PBXBuildFile; fileRef = 70776FD21CC8A9FF002E6F25 /* Localization.swift */; };
		70776FDE1CD64516002E6F25 /* GoogleService-Info.plist in Resources */ = {isa = PBXBuildFile; fileRef = 70776FDD1CD64516002E6F25 /* GoogleService-Info.plist */; };
		707F48841D013D9D00E82A4C /* CallToActionCell.swift in Sources */ = {isa = PBXBuildFile; fileRef = 707F48831D013D9D00E82A4C /* CallToActionCell.swift */; };
		707F48D31D04BCCE00E82A4C /* HighlightedButton.swift in Sources */ = {isa = PBXBuildFile; fileRef = 707F48D21D04BCCE00E82A4C /* HighlightedButton.swift */; };
		707F48DD1D07A84900E82A4C /* SearchProductCollectionViewController.swift in Sources */ = {isa = PBXBuildFile; fileRef = 707F48DC1D07A84900E82A4C /* SearchProductCollectionViewController.swift */; };
		70837E6B1CFA4AA500C83045 /* ProductRouteHandler.swift in Sources */ = {isa = PBXBuildFile; fileRef = 70837E6A1CFA4AA500C83045 /* ProductRouteHandler.swift */; };
		70987BE51CB95B4F00D86FBA /* AppStateTransitioner.swift in Sources */ = {isa = PBXBuildFile; fileRef = 70987BE41CB95B4F00D86FBA /* AppStateTransitioner.swift */; };
		70987BEA1CB95F1900D86FBA /* ProductCollectionViewController.swift in Sources */ = {isa = PBXBuildFile; fileRef = 70987BE91CB95F1900D86FBA /* ProductCollectionViewController.swift */; };
		70987BEE1CB9658200D86FBA /* User.swift in Sources */ = {isa = PBXBuildFile; fileRef = 70987BED1CB9658200D86FBA /* User.swift */; };
		70987BF11CB9672200D86FBA /* ProductCell.swift in Sources */ = {isa = PBXBuildFile; fileRef = 70987BF01CB9672200D86FBA /* ProductCell.swift */; };
		70987BF51CB970CA00D86FBA /* LRSessionManager.swift in Sources */ = {isa = PBXBuildFile; fileRef = 70987BF41CB970CA00D86FBA /* LRSessionManager.swift */; };
		70987BFA1CB9749700D86FBA /* Color.swift in Sources */ = {isa = PBXBuildFile; fileRef = 70987BF91CB9749700D86FBA /* Color.swift */; };
		70987BFC1CB97A9900D86FBA /* LRWindow.swift in Sources */ = {isa = PBXBuildFile; fileRef = 70987BFB1CB97A9900D86FBA /* LRWindow.swift */; };
		70987C051CB980B300D86FBA /* Oxygen-Bold.ttf in Resources */ = {isa = PBXBuildFile; fileRef = 70987C021CB980B300D86FBA /* Oxygen-Bold.ttf */; };
		70987C061CB980B300D86FBA /* Oxygen-Light.ttf in Resources */ = {isa = PBXBuildFile; fileRef = 70987C031CB980B300D86FBA /* Oxygen-Light.ttf */; };
		70987C071CB980B300D86FBA /* Oxygen-Regular.ttf in Resources */ = {isa = PBXBuildFile; fileRef = 70987C041CB980B300D86FBA /* Oxygen-Regular.ttf */; };
		70987C171CB985DE00D86FBA /* Font.swift in Sources */ = {isa = PBXBuildFile; fileRef = 70987C161CB985DE00D86FBA /* Font.swift */; };
		70987C1B1CB98A7700D86FBA /* NSAttributedString+Pricing.m in Sources */ = {isa = PBXBuildFile; fileRef = 70987C1A1CB98A7700D86FBA /* NSAttributedString+Pricing.m */; };
		70987C281CB9A4A500D86FBA /* Account.storyboard in Resources */ = {isa = PBXBuildFile; fileRef = 70987C271CB9A4A500D86FBA /* Account.storyboard */; };
		70987C2A1CB9A4BF00D86FBA /* AccountViewController.swift in Sources */ = {isa = PBXBuildFile; fileRef = 70987C291CB9A4BF00D86FBA /* AccountViewController.swift */; };
		70987C301CB9B4E400D86FBA /* ProductViewController.swift in Sources */ = {isa = PBXBuildFile; fileRef = 70987C2F1CB9B4E400D86FBA /* ProductViewController.swift */; };
		70987C331CB9CA1300D86FBA /* ProductHeaderCell.swift in Sources */ = {isa = PBXBuildFile; fileRef = 70987C321CB9CA1300D86FBA /* ProductHeaderCell.swift */; };
		70987C371CB9D15100D86FBA /* Login.storyboard in Resources */ = {isa = PBXBuildFile; fileRef = 70987C361CB9D15100D86FBA /* Login.storyboard */; };
		70987C3B1CBAB4BF00D86FBA /* SimpleWebViewController.swift in Sources */ = {isa = PBXBuildFile; fileRef = 70987C3A1CBAB4BF00D86FBA /* SimpleWebViewController.swift */; };
		70987C3D1CBBF07B00D86FBA /* GetStartedViewController.swift in Sources */ = {isa = PBXBuildFile; fileRef = 70987C3C1CBBF07B00D86FBA /* GetStartedViewController.swift */; };
		70A71B9C1CC593D800B58B74 /* PickerAccessoryView.swift in Sources */ = {isa = PBXBuildFile; fileRef = 70A71B9B1CC593D800B58B74 /* PickerAccessoryView.swift */; };
		70AF1A1F1CE1479200C0518C /* NSURLImageSIze.swift in Sources */ = {isa = PBXBuildFile; fileRef = 70AF1A1E1CE1479200C0518C /* NSURLImageSIze.swift */; };
		70AF1A211CE1651A00C0518C /* PickerRow.xib in Resources */ = {isa = PBXBuildFile; fileRef = 70AF1A201CE1651A00C0518C /* PickerRow.xib */; };
		70AF1A231CE1676200C0518C /* PickerRow.swift in Sources */ = {isa = PBXBuildFile; fileRef = 70AF1A221CE1676200C0518C /* PickerRow.swift */; };
		70AF1A2D1CE3C57500C0518C /* TextFilterViewController.swift in Sources */ = {isa = PBXBuildFile; fileRef = 70AF1A2C1CE3C57500C0518C /* TextFilterViewController.swift */; };
		70AF1A2F1CE3C6A800C0518C /* SubtitleFilterCell.swift in Sources */ = {isa = PBXBuildFile; fileRef = 70AF1A2E1CE3C6A800C0518C /* SubtitleFilterCell.swift */; };
		70B311A31D7C955900303D39 /* FontAttributes.swift in Sources */ = {isa = PBXBuildFile; fileRef = 70B311A21D7C955900303D39 /* FontAttributes.swift */; };
		70B311A61D7CC94A00303D39 /* Product.swift in Sources */ = {isa = PBXBuildFile; fileRef = 70B311A51D7CC94A00303D39 /* Product.swift */; };
		70B311A81D7CCC7F00303D39 /* Brand.swift in Sources */ = {isa = PBXBuildFile; fileRef = 70B311A71D7CCC7F00303D39 /* Brand.swift */; };
		70B311AA1D7CCD0000303D39 /* Retailer.swift in Sources */ = {isa = PBXBuildFile; fileRef = 70B311A91D7CCD0000303D39 /* Retailer.swift */; };
		70B311AC1D7CCD4D00303D39 /* Price.swift in Sources */ = {isa = PBXBuildFile; fileRef = 70B311AB1D7CCD4D00303D39 /* Price.swift */; };
		70B311AE1D7CCDA700303D39 /* AltPrice.swift in Sources */ = {isa = PBXBuildFile; fileRef = 70B311AD1D7CCDA700303D39 /* AltPrice.swift */; };
		70B311B01D7CCE5100303D39 /* Variant.swift in Sources */ = {isa = PBXBuildFile; fileRef = 70B311AF1D7CCE5100303D39 /* Variant.swift */; };
		70B311B21D7CD17B00303D39 /* Size.swift in Sources */ = {isa = PBXBuildFile; fileRef = 70B311B11D7CD17B00303D39 /* Size.swift */; };
		70B311B41D7CFA7F00303D39 /* Image.swift in Sources */ = {isa = PBXBuildFile; fileRef = 70B311B31D7CFA7F00303D39 /* Image.swift */; };
		70B311B61D7D053A00303D39 /* Category.swift in Sources */ = {isa = PBXBuildFile; fileRef = 70B311B51D7D053A00303D39 /* Category.swift */; };
		70B311B81D7D08FB00303D39 /* ColorObject.swift in Sources */ = {isa = PBXBuildFile; fileRef = 70B311B71D7D08FB00303D39 /* ColorObject.swift */; };
		70B311BA1D7D154F00303D39 /* Images.swift in Sources */ = {isa = PBXBuildFile; fileRef = 70B311B91D7D154F00303D39 /* Images.swift */; };
		70B311BD1D7D27E600303D39 /* UserProfileViewController.swift in Sources */ = {isa = PBXBuildFile; fileRef = 70B311BC1D7D27E600303D39 /* UserProfileViewController.swift */; };
		70B311BF1D7D28BB00303D39 /* ProfileHeaderCell.swift in Sources */ = {isa = PBXBuildFile; fileRef = 70B311BE1D7D28BB00303D39 /* ProfileHeaderCell.swift */; };
		70B311C11D7D28C700303D39 /* UserProductCell.swift in Sources */ = {isa = PBXBuildFile; fileRef = 70B311C01D7D28C700303D39 /* UserProductCell.swift */; };
		70B311C51D7DEB4F00303D39 /* MoreDetailsCell.swift in Sources */ = {isa = PBXBuildFile; fileRef = 70B311C41D7DEB4E00303D39 /* MoreDetailsCell.swift */; };
		70B311C81D7DF2E700303D39 /* MoreDetailsViewController.swift in Sources */ = {isa = PBXBuildFile; fileRef = 70B311C71D7DF2E700303D39 /* MoreDetailsViewController.swift */; };
		70B311CA1D7DF34800303D39 /* FreeformTextCell.swift in Sources */ = {isa = PBXBuildFile; fileRef = 70B311C91D7DF34800303D39 /* FreeformTextCell.swift */; };
		70BE79BF1CFCFFD200AABE8A /* ErrorMessage.swift in Sources */ = {isa = PBXBuildFile; fileRef = 70BE79BE1CFCFFD200AABE8A /* ErrorMessage.swift */; };
		70C386D81D5BB9770045C86E /* EmptyStateView.swift in Sources */ = {isa = PBXBuildFile; fileRef = 70C386D71D5BB9770045C86E /* EmptyStateView.swift */; };
		70CB9E131D42DCAC008F46B7 /* AnimatedImageView.swift in Sources */ = {isa = PBXBuildFile; fileRef = 70CB9E121D42DCAC008F46B7 /* AnimatedImageView.swift */; };
		70CC927C1CFFDF1A000AD403 /* VariantColorMatcher.swift in Sources */ = {isa = PBXBuildFile; fileRef = 70CC927B1CFFDF1A000AD403 /* VariantColorMatcher.swift */; };
		70CECA821CEE31E600FF7B8F /* FilterManager.swift in Sources */ = {isa = PBXBuildFile; fileRef = 70CECA811CEE31E600FF7B8F /* FilterManager.swift */; };
		70CECA871CF7AD2400FF7B8F /* FilterObjectConverter.swift in Sources */ = {isa = PBXBuildFile; fileRef = 70CECA861CF7AD2400FF7B8F /* FilterObjectConverter.swift */; };
		70D84A9F1CB9557300A70485 /* AppDelegate.swift in Sources */ = {isa = PBXBuildFile; fileRef = 70D84A9E1CB9557300A70485 /* AppDelegate.swift */; };
		70D84AA41CB9557300A70485 /* Main.storyboard in Resources */ = {isa = PBXBuildFile; fileRef = 70D84AA21CB9557300A70485 /* Main.storyboard */; };
		70D84AA61CB9557300A70485 /* Assets.xcassets in Resources */ = {isa = PBXBuildFile; fileRef = 70D84AA51CB9557300A70485 /* Assets.xcassets */; };
		70D9019E1D0FA15F0078298B /* ConfirmFacebookInfoViewController.swift in Sources */ = {isa = PBXBuildFile; fileRef = 70D9019D1D0FA15F0078298B /* ConfirmFacebookInfoViewController.swift */; };
		70D901A01D0FA6840078298B /* TwoTextFieldCell.swift in Sources */ = {isa = PBXBuildFile; fileRef = 70D9019F1D0FA6840078298B /* TwoTextFieldCell.swift */; };
		70D901A51D10FA220078298B /* Constants.swift in Sources */ = {isa = PBXBuildFile; fileRef = 70D901A41D10FA220078298B /* Constants.swift */; };
		70D901A71D12176A0078298B /* AgeRange.swift in Sources */ = {isa = PBXBuildFile; fileRef = 70D901A61D12176A0078298B /* AgeRange.swift */; };
		70D901A91D1220C80078298B /* ProductCollectionViewFlowLayout.swift in Sources */ = {isa = PBXBuildFile; fileRef = 70D901A81D1220C80078298B /* ProductCollectionViewFlowLayout.swift */; };
		70D901B41D151DAC0078298B /* GlobalAlert.swift in Sources */ = {isa = PBXBuildFile; fileRef = 70D901B31D151DAC0078298B /* GlobalAlert.swift */; };
		70DD853F1CFFA08F00319716 /* Search.storyboard in Resources */ = {isa = PBXBuildFile; fileRef = 70DD853E1CFFA08F00319716 /* Search.storyboard */; };
		70DD85411CFFA0C900319716 /* SearchViewController.swift in Sources */ = {isa = PBXBuildFile; fileRef = 70DD85401CFFA0C900319716 /* SearchViewController.swift */; };
		70EEEDBA1D57D65D0028F0DF /* ProductPatch.swift in Sources */ = {isa = PBXBuildFile; fileRef = 70EEEDB91D57D65D0028F0DF /* ProductPatch.swift */; };
		70FF31CE1D0CDDB800F19C9E /* PriceFilterViewController.swift in Sources */ = {isa = PBXBuildFile; fileRef = 70FF31CD1D0CDDB800F19C9E /* PriceFilterViewController.swift */; };
/* End PBXBuildFile section */

/* Begin PBXFileReference section */
		2617CC4AE1CA59B7C7DFB253 /* Pods-Layers.debug.xcconfig */ = {isa = PBXFileReference; includeInIndex = 1; lastKnownFileType = text.xcconfig; name = "Pods-Layers.debug.xcconfig"; path = "Pods/Target Support Files/Pods-Layers/Pods-Layers.debug.xcconfig"; sourceTree = "<group>"; };
		3FCE59FA6B494AAB3C36EE8C /* Pods-Layers.release.xcconfig */ = {isa = PBXFileReference; includeInIndex = 1; lastKnownFileType = text.xcconfig; name = "Pods-Layers.release.xcconfig"; path = "Pods/Target Support Files/Pods-Layers/Pods-Layers.release.xcconfig"; sourceTree = "<group>"; };
		70032F531D5F9CCC00BCA625 /* DiscoverPopup.xib */ = {isa = PBXFileReference; fileEncoding = 4; lastKnownFileType = file.xib; path = DiscoverPopup.xib; sourceTree = "<group>"; };
		70032F551D5F9F1200BCA625 /* DiscoverPopupView.swift */ = {isa = PBXFileReference; fileEncoding = 4; lastKnownFileType = sourcecode.swift; path = DiscoverPopupView.swift; sourceTree = "<group>"; };
		7003C1A71D446E9200FB531B /* LoginValidation.swift */ = {isa = PBXFileReference; fileEncoding = 4; lastKnownFileType = sourcecode.swift; path = LoginValidation.swift; sourceTree = "<group>"; };
		70059C941CD672990094B454 /* FacebookUserResponse.swift */ = {isa = PBXFileReference; fileEncoding = 4; lastKnownFileType = sourcecode.swift; path = FacebookUserResponse.swift; sourceTree = "<group>"; };
		701B59CF1D4F925300354C68 /* FakeProgressView.swift */ = {isa = PBXFileReference; fileEncoding = 4; lastKnownFileType = sourcecode.swift; path = FakeProgressView.swift; sourceTree = "<group>"; };
		7022F2F41CFCAD100097DDF9 /* AWSManager.swift */ = {isa = PBXFileReference; fileEncoding = 4; lastKnownFileType = sourcecode.swift; path = AWSManager.swift; sourceTree = "<group>"; };
		7024AA371D259E4D00069B59 /* DeviceTokenResponse.swift */ = {isa = PBXFileReference; fileEncoding = 4; lastKnownFileType = sourcecode.swift; path = DeviceTokenResponse.swift; sourceTree = "<group>"; };
		702FC2EF1CC2D8470012969C /* UINavigationItem+BackButton.h */ = {isa = PBXFileReference; fileEncoding = 4; lastKnownFileType = sourcecode.c.h; path = "UINavigationItem+BackButton.h"; sourceTree = "<group>"; };
		702FC2F01CC2D8470012969C /* UINavigationItem+BackButton.m */ = {isa = PBXFileReference; fileEncoding = 4; lastKnownFileType = sourcecode.c.objc; path = "UINavigationItem+BackButton.m"; sourceTree = "<group>"; };
		702FC2FB1CC344960012969C /* EmailCreateAccountViewController.swift */ = {isa = PBXFileReference; fileEncoding = 4; lastKnownFileType = sourcecode.swift; path = EmailCreateAccountViewController.swift; sourceTree = "<group>"; };
		702FC3001CC3FE6D0012969C /* ContactUsViewController.swift */ = {isa = PBXFileReference; fileEncoding = 4; lastKnownFileType = sourcecode.swift; path = ContactUsViewController.swift; sourceTree = "<group>"; };
		702FC3021CC408FC0012969C /* TextViewCell.swift */ = {isa = PBXFileReference; fileEncoding = 4; lastKnownFileType = sourcecode.swift; path = TextViewCell.swift; sourceTree = "<group>"; };
		703143A71D7B84EE0032D54F /* Montserrat-Light.otf */ = {isa = PBXFileReference; lastKnownFileType = file; path = "Montserrat-Light.otf"; sourceTree = "<group>"; };
		703143A81D7B84EE0032D54F /* Montserrat-Regular.otf */ = {isa = PBXFileReference; lastKnownFileType = file; path = "Montserrat-Regular.otf"; sourceTree = "<group>"; };
		703143A91D7B84EE0032D54F /* Montserrat-SemiBold.otf */ = {isa = PBXFileReference; lastKnownFileType = file; path = "Montserrat-SemiBold.otf"; sourceTree = "<group>"; };
		703143AF1D7B8B1E0032D54F /* NotificationsViewController.swift */ = {isa = PBXFileReference; fileEncoding = 4; lastKnownFileType = sourcecode.swift; path = NotificationsViewController.swift; sourceTree = "<group>"; };
		703143B11D7B8BA80032D54F /* Notifications.storyboard */ = {isa = PBXFileReference; fileEncoding = 4; lastKnownFileType = file.storyboard; path = Notifications.storyboard; sourceTree = "<group>"; };
		703143B31D7B8EA70032D54F /* NotificationCell.swift */ = {isa = PBXFileReference; fileEncoding = 4; lastKnownFileType = sourcecode.swift; path = NotificationCell.swift; sourceTree = "<group>"; };
		703143B51D7B8F410032D54F /* NotificationResponse.swift */ = {isa = PBXFileReference; fileEncoding = 4; lastKnownFileType = sourcecode.swift; path = NotificationResponse.swift; sourceTree = "<group>"; };
		703143B71D7BD13F0032D54F /* LoginViewController.swift */ = {isa = PBXFileReference; fileEncoding = 4; lastKnownFileType = sourcecode.swift; path = LoginViewController.swift; sourceTree = "<group>"; };
		70329DE61D7E75A400C1D9D0 /* SearchResults.swift */ = {isa = PBXFileReference; fileEncoding = 4; lastKnownFileType = sourcecode.swift; path = SearchResults.swift; sourceTree = "<group>"; };
		70329DE81D7E75E600C1D9D0 /* SimpleProduct.swift */ = {isa = PBXFileReference; fileEncoding = 4; lastKnownFileType = sourcecode.swift; path = SimpleProduct.swift; sourceTree = "<group>"; };
		70329DEA1D7EFE5F00C1D9D0 /* SearchCell.swift */ = {isa = PBXFileReference; fileEncoding = 4; lastKnownFileType = sourcecode.swift; path = SearchCell.swift; sourceTree = "<group>"; };
		70329DEC1D7F3B4C00C1D9D0 /* CategoryCell.swift */ = {isa = PBXFileReference; fileEncoding = 4; lastKnownFileType = sourcecode.swift; path = CategoryCell.swift; sourceTree = "<group>"; };
		70329DF01D7F744500C1D9D0 /* VariantColors.swift */ = {isa = PBXFileReference; fileEncoding = 4; lastKnownFileType = sourcecode.swift; path = VariantColors.swift; sourceTree = "<group>"; };
		7033C73F1D5E707E0035A13D /* ProductWebViewController.swift */ = {isa = PBXFileReference; fileEncoding = 4; lastKnownFileType = sourcecode.swift; path = ProductWebViewController.swift; sourceTree = "<group>"; };
		7033C7411D5E7C780035A13D /* ProductWebNavigationController.swift */ = {isa = PBXFileReference; fileEncoding = 4; lastKnownFileType = sourcecode.swift; path = ProductWebNavigationController.swift; sourceTree = "<group>"; };
		703D46391D15C21700AB25C0 /* OpenSourceViewController.swift */ = {isa = PBXFileReference; fileEncoding = 4; lastKnownFileType = sourcecode.swift; path = OpenSourceViewController.swift; sourceTree = "<group>"; };
		703D463B1D15C75300AB25C0 /* OpenSourceCell.swift */ = {isa = PBXFileReference; fileEncoding = 4; lastKnownFileType = sourcecode.swift; path = OpenSourceCell.swift; sourceTree = "<group>"; };
		703D463E1D15CA7E00AB25C0 /* OpenSource.swift */ = {isa = PBXFileReference; fileEncoding = 4; lastKnownFileType = sourcecode.swift; path = OpenSource.swift; sourceTree = "<group>"; };
		703D46401D15CCCA00AB25C0 /* OpenSourceList.plist */ = {isa = PBXFileReference; fileEncoding = 4; lastKnownFileType = text.plist.xml; path = OpenSourceList.plist; sourceTree = "<group>"; };
		703D46421D16261900AB25C0 /* DeviceComparison.swift */ = {isa = PBXFileReference; fileEncoding = 4; lastKnownFileType = sourcecode.swift; path = DeviceComparison.swift; sourceTree = "<group>"; };
		70488C511CE63C3E0085BAE9 /* ColorCell.swift */ = {isa = PBXFileReference; fileEncoding = 4; lastKnownFileType = sourcecode.swift; path = ColorCell.swift; sourceTree = "<group>"; };
		70488C531CE63C640085BAE9 /* ColorFilterViewController.swift */ = {isa = PBXFileReference; fileEncoding = 4; lastKnownFileType = sourcecode.swift; path = ColorFilterViewController.swift; sourceTree = "<group>"; };
		704FD3A21D83579C00CC8F9A /* AccountHomeViewController.swift */ = {isa = PBXFileReference; fileEncoding = 4; lastKnownFileType = sourcecode.swift; path = AccountHomeViewController.swift; sourceTree = "<group>"; };
		704FD3A41D8485FF00CC8F9A /* BasicCollectionCell.swift */ = {isa = PBXFileReference; fileEncoding = 4; lastKnownFileType = sourcecode.swift; path = BasicCollectionCell.swift; sourceTree = "<group>"; };
		704FD3A61D84885600CC8F9A /* AccountHeaderCell.swift */ = {isa = PBXFileReference; fileEncoding = 4; lastKnownFileType = sourcecode.swift; path = AccountHeaderCell.swift; sourceTree = "<group>"; };
		704FD3A91D8493F400CC8F9A /* HeaderView.swift */ = {isa = PBXFileReference; fileEncoding = 4; lastKnownFileType = sourcecode.swift; path = HeaderView.swift; sourceTree = "<group>"; };
		704FD3AB1D84940900CC8F9A /* HeaderView.xib */ = {isa = PBXFileReference; fileEncoding = 4; lastKnownFileType = file.xib; path = HeaderView.xib; sourceTree = "<group>"; };
		705390391CD7ED9100DA8E15 /* SafeIndex.swift */ = {isa = PBXFileReference; fileEncoding = 4; lastKnownFileType = sourcecode.swift; path = SafeIndex.swift; sourceTree = "<group>"; };
		70676BA21D61798E00219E9C /* Layers.entitlements */ = {isa = PBXFileReference; fileEncoding = 4; lastKnownFileType = text.xml; path = Layers.entitlements; sourceTree = "<group>"; };
		706FF8891CBC54F8007B26AD /* EmailLoginViewController.swift */ = {isa = PBXFileReference; fileEncoding = 4; lastKnownFileType = sourcecode.swift; path = EmailLoginViewController.swift; sourceTree = "<group>"; };
		706FF88B1CBC57D6007B26AD /* TextFieldCell.swift */ = {isa = PBXFileReference; fileEncoding = 4; lastKnownFileType = sourcecode.swift; path = TextFieldCell.swift; sourceTree = "<group>"; };
		706FF8901CBD6B6C007B26AD /* SizeCell.swift */ = {isa = PBXFileReference; fileEncoding = 4; lastKnownFileType = sourcecode.swift; path = SizeCell.swift; sourceTree = "<group>"; };
		706FF8931CBD6B83007B26AD /* StyleCell.swift */ = {isa = PBXFileReference; fileEncoding = 4; lastKnownFileType = sourcecode.swift; path = StyleCell.swift; sourceTree = "<group>"; };
		706FF8951CBD6B95007B26AD /* PriceGraphCell.swift */ = {isa = PBXFileReference; fileEncoding = 4; lastKnownFileType = sourcecode.swift; path = PriceGraphCell.swift; sourceTree = "<group>"; };
		706FF8971CBD6E3E007B26AD /* OverallReviewCell.swift */ = {isa = PBXFileReference; fileEncoding = 4; lastKnownFileType = sourcecode.swift; path = OverallReviewCell.swift; sourceTree = "<group>"; };
		706FF8991CBD6E7A007B26AD /* AlternateReviewCell.swift */ = {isa = PBXFileReference; fileEncoding = 4; lastKnownFileType = sourcecode.swift; path = AlternateReviewCell.swift; sourceTree = "<group>"; };
		706FF8A21CBDF771007B26AD /* SimpleProductHeaderCell.swift */ = {isa = PBXFileReference; fileEncoding = 4; lastKnownFileType = sourcecode.swift; path = SimpleProductHeaderCell.swift; sourceTree = "<group>"; };
		70776FC51CC5F881002E6F25 /* FilterViewController.swift */ = {isa = PBXFileReference; fileEncoding = 4; lastKnownFileType = sourcecode.swift; path = FilterViewController.swift; sourceTree = "<group>"; };
		70776FD01CC8A90C002E6F25 /* Localizable.strings */ = {isa = PBXFileReference; fileEncoding = 4; lastKnownFileType = text.plist.strings; path = Localizable.strings; sourceTree = "<group>"; };
		70776FD21CC8A9FF002E6F25 /* Localization.swift */ = {isa = PBXFileReference; fileEncoding = 4; lastKnownFileType = sourcecode.swift; path = Localization.swift; sourceTree = "<group>"; };
		70776FDD1CD64516002E6F25 /* GoogleService-Info.plist */ = {isa = PBXFileReference; fileEncoding = 4; lastKnownFileType = text.plist.xml; path = "GoogleService-Info.plist"; sourceTree = "<group>"; };
		707F48831D013D9D00E82A4C /* CallToActionCell.swift */ = {isa = PBXFileReference; fileEncoding = 4; lastKnownFileType = sourcecode.swift; path = CallToActionCell.swift; sourceTree = "<group>"; };
		707F48D21D04BCCE00E82A4C /* HighlightedButton.swift */ = {isa = PBXFileReference; fileEncoding = 4; lastKnownFileType = sourcecode.swift; path = HighlightedButton.swift; sourceTree = "<group>"; };
		707F48DC1D07A84900E82A4C /* SearchProductCollectionViewController.swift */ = {isa = PBXFileReference; fileEncoding = 4; lastKnownFileType = sourcecode.swift; path = SearchProductCollectionViewController.swift; sourceTree = "<group>"; };
		70837E6A1CFA4AA500C83045 /* ProductRouteHandler.swift */ = {isa = PBXFileReference; fileEncoding = 4; lastKnownFileType = sourcecode.swift; path = ProductRouteHandler.swift; sourceTree = "<group>"; };
		70987BE41CB95B4F00D86FBA /* AppStateTransitioner.swift */ = {isa = PBXFileReference; fileEncoding = 4; lastKnownFileType = sourcecode.swift; path = AppStateTransitioner.swift; sourceTree = "<group>"; };
		70987BE91CB95F1900D86FBA /* ProductCollectionViewController.swift */ = {isa = PBXFileReference; fileEncoding = 4; lastKnownFileType = sourcecode.swift; path = ProductCollectionViewController.swift; sourceTree = "<group>"; };
		70987BED1CB9658200D86FBA /* User.swift */ = {isa = PBXFileReference; fileEncoding = 4; lastKnownFileType = sourcecode.swift; path = User.swift; sourceTree = "<group>"; };
		70987BF01CB9672200D86FBA /* ProductCell.swift */ = {isa = PBXFileReference; fileEncoding = 4; lastKnownFileType = sourcecode.swift; path = ProductCell.swift; sourceTree = "<group>"; };
		70987BF41CB970CA00D86FBA /* LRSessionManager.swift */ = {isa = PBXFileReference; fileEncoding = 4; lastKnownFileType = sourcecode.swift; path = LRSessionManager.swift; sourceTree = "<group>"; };
		70987BF91CB9749700D86FBA /* Color.swift */ = {isa = PBXFileReference; fileEncoding = 4; lastKnownFileType = sourcecode.swift; path = Color.swift; sourceTree = "<group>"; };
		70987BFB1CB97A9900D86FBA /* LRWindow.swift */ = {isa = PBXFileReference; fileEncoding = 4; lastKnownFileType = sourcecode.swift; path = LRWindow.swift; sourceTree = "<group>"; };
		70987C021CB980B300D86FBA /* Oxygen-Bold.ttf */ = {isa = PBXFileReference; lastKnownFileType = file; path = "Oxygen-Bold.ttf"; sourceTree = "<group>"; };
		70987C031CB980B300D86FBA /* Oxygen-Light.ttf */ = {isa = PBXFileReference; lastKnownFileType = file; path = "Oxygen-Light.ttf"; sourceTree = "<group>"; };
		70987C041CB980B300D86FBA /* Oxygen-Regular.ttf */ = {isa = PBXFileReference; lastKnownFileType = file; path = "Oxygen-Regular.ttf"; sourceTree = "<group>"; };
		70987C161CB985DE00D86FBA /* Font.swift */ = {isa = PBXFileReference; fileEncoding = 4; lastKnownFileType = sourcecode.swift; path = Font.swift; sourceTree = "<group>"; };
		70987C181CB98A3300D86FBA /* Layers-BridgingHeader.h */ = {isa = PBXFileReference; fileEncoding = 4; lastKnownFileType = sourcecode.c.h; path = "Layers-BridgingHeader.h"; sourceTree = "<group>"; };
		70987C191CB98A7700D86FBA /* NSAttributedString+Pricing.h */ = {isa = PBXFileReference; fileEncoding = 4; lastKnownFileType = sourcecode.c.h; path = "NSAttributedString+Pricing.h"; sourceTree = "<group>"; };
		70987C1A1CB98A7700D86FBA /* NSAttributedString+Pricing.m */ = {isa = PBXFileReference; fileEncoding = 4; lastKnownFileType = sourcecode.c.objc; path = "NSAttributedString+Pricing.m"; sourceTree = "<group>"; };
		70987C271CB9A4A500D86FBA /* Account.storyboard */ = {isa = PBXFileReference; fileEncoding = 4; lastKnownFileType = file.storyboard; path = Account.storyboard; sourceTree = "<group>"; };
		70987C291CB9A4BF00D86FBA /* AccountViewController.swift */ = {isa = PBXFileReference; fileEncoding = 4; lastKnownFileType = sourcecode.swift; path = AccountViewController.swift; sourceTree = "<group>"; };
		70987C2F1CB9B4E400D86FBA /* ProductViewController.swift */ = {isa = PBXFileReference; fileEncoding = 4; lastKnownFileType = sourcecode.swift; path = ProductViewController.swift; sourceTree = "<group>"; };
		70987C321CB9CA1300D86FBA /* ProductHeaderCell.swift */ = {isa = PBXFileReference; fileEncoding = 4; lastKnownFileType = sourcecode.swift; path = ProductHeaderCell.swift; sourceTree = "<group>"; };
		70987C361CB9D15100D86FBA /* Login.storyboard */ = {isa = PBXFileReference; fileEncoding = 4; lastKnownFileType = file.storyboard; path = Login.storyboard; sourceTree = "<group>"; };
		70987C3A1CBAB4BF00D86FBA /* SimpleWebViewController.swift */ = {isa = PBXFileReference; fileEncoding = 4; lastKnownFileType = sourcecode.swift; path = SimpleWebViewController.swift; sourceTree = "<group>"; };
		70987C3C1CBBF07B00D86FBA /* GetStartedViewController.swift */ = {isa = PBXFileReference; fileEncoding = 4; lastKnownFileType = sourcecode.swift; path = GetStartedViewController.swift; sourceTree = "<group>"; };
		70A71B9B1CC593D800B58B74 /* PickerAccessoryView.swift */ = {isa = PBXFileReference; fileEncoding = 4; lastKnownFileType = sourcecode.swift; path = PickerAccessoryView.swift; sourceTree = "<group>"; };
		70AF1A1E1CE1479200C0518C /* NSURLImageSIze.swift */ = {isa = PBXFileReference; fileEncoding = 4; lastKnownFileType = sourcecode.swift; path = NSURLImageSIze.swift; sourceTree = "<group>"; };
		70AF1A201CE1651A00C0518C /* PickerRow.xib */ = {isa = PBXFileReference; fileEncoding = 4; lastKnownFileType = file.xib; path = PickerRow.xib; sourceTree = "<group>"; };
		70AF1A221CE1676200C0518C /* PickerRow.swift */ = {isa = PBXFileReference; fileEncoding = 4; lastKnownFileType = sourcecode.swift; path = PickerRow.swift; sourceTree = "<group>"; };
		70AF1A2C1CE3C57500C0518C /* TextFilterViewController.swift */ = {isa = PBXFileReference; fileEncoding = 4; lastKnownFileType = sourcecode.swift; path = TextFilterViewController.swift; sourceTree = "<group>"; };
		70AF1A2E1CE3C6A800C0518C /* SubtitleFilterCell.swift */ = {isa = PBXFileReference; fileEncoding = 4; lastKnownFileType = sourcecode.swift; path = SubtitleFilterCell.swift; sourceTree = "<group>"; };
		70B311A21D7C955900303D39 /* FontAttributes.swift */ = {isa = PBXFileReference; fileEncoding = 4; lastKnownFileType = sourcecode.swift; path = FontAttributes.swift; sourceTree = "<group>"; };
		70B311A51D7CC94A00303D39 /* Product.swift */ = {isa = PBXFileReference; fileEncoding = 4; lastKnownFileType = sourcecode.swift; path = Product.swift; sourceTree = "<group>"; };
		70B311A71D7CCC7F00303D39 /* Brand.swift */ = {isa = PBXFileReference; fileEncoding = 4; lastKnownFileType = sourcecode.swift; path = Brand.swift; sourceTree = "<group>"; };
		70B311A91D7CCD0000303D39 /* Retailer.swift */ = {isa = PBXFileReference; fileEncoding = 4; lastKnownFileType = sourcecode.swift; path = Retailer.swift; sourceTree = "<group>"; };
		70B311AB1D7CCD4D00303D39 /* Price.swift */ = {isa = PBXFileReference; fileEncoding = 4; lastKnownFileType = sourcecode.swift; path = Price.swift; sourceTree = "<group>"; };
		70B311AD1D7CCDA700303D39 /* AltPrice.swift */ = {isa = PBXFileReference; fileEncoding = 4; lastKnownFileType = sourcecode.swift; path = AltPrice.swift; sourceTree = "<group>"; };
		70B311AF1D7CCE5100303D39 /* Variant.swift */ = {isa = PBXFileReference; fileEncoding = 4; lastKnownFileType = sourcecode.swift; path = Variant.swift; sourceTree = "<group>"; };
		70B311B11D7CD17B00303D39 /* Size.swift */ = {isa = PBXFileReference; fileEncoding = 4; lastKnownFileType = sourcecode.swift; path = Size.swift; sourceTree = "<group>"; };
		70B311B31D7CFA7F00303D39 /* Image.swift */ = {isa = PBXFileReference; fileEncoding = 4; lastKnownFileType = sourcecode.swift; path = Image.swift; sourceTree = "<group>"; };
		70B311B51D7D053A00303D39 /* Category.swift */ = {isa = PBXFileReference; fileEncoding = 4; lastKnownFileType = sourcecode.swift; path = Category.swift; sourceTree = "<group>"; };
		70B311B71D7D08FB00303D39 /* ColorObject.swift */ = {isa = PBXFileReference; fileEncoding = 4; lastKnownFileType = sourcecode.swift; path = ColorObject.swift; sourceTree = "<group>"; };
		70B311B91D7D154F00303D39 /* Images.swift */ = {isa = PBXFileReference; fileEncoding = 4; lastKnownFileType = sourcecode.swift; path = Images.swift; sourceTree = "<group>"; };
		70B311BC1D7D27E600303D39 /* UserProfileViewController.swift */ = {isa = PBXFileReference; fileEncoding = 4; lastKnownFileType = sourcecode.swift; path = UserProfileViewController.swift; sourceTree = "<group>"; };
		70B311BE1D7D28BB00303D39 /* ProfileHeaderCell.swift */ = {isa = PBXFileReference; fileEncoding = 4; lastKnownFileType = sourcecode.swift; path = ProfileHeaderCell.swift; sourceTree = "<group>"; };
		70B311C01D7D28C700303D39 /* UserProductCell.swift */ = {isa = PBXFileReference; fileEncoding = 4; lastKnownFileType = sourcecode.swift; path = UserProductCell.swift; sourceTree = "<group>"; };
		70B311C41D7DEB4E00303D39 /* MoreDetailsCell.swift */ = {isa = PBXFileReference; fileEncoding = 4; lastKnownFileType = sourcecode.swift; path = MoreDetailsCell.swift; sourceTree = "<group>"; };
		70B311C71D7DF2E700303D39 /* MoreDetailsViewController.swift */ = {isa = PBXFileReference; fileEncoding = 4; lastKnownFileType = sourcecode.swift; path = MoreDetailsViewController.swift; sourceTree = "<group>"; };
		70B311C91D7DF34800303D39 /* FreeformTextCell.swift */ = {isa = PBXFileReference; fileEncoding = 4; lastKnownFileType = sourcecode.swift; path = FreeformTextCell.swift; sourceTree = "<group>"; };
		70BE79BE1CFCFFD200AABE8A /* ErrorMessage.swift */ = {isa = PBXFileReference; fileEncoding = 4; lastKnownFileType = sourcecode.swift; path = ErrorMessage.swift; sourceTree = "<group>"; };
		70C386D71D5BB9770045C86E /* EmptyStateView.swift */ = {isa = PBXFileReference; fileEncoding = 4; lastKnownFileType = sourcecode.swift; path = EmptyStateView.swift; sourceTree = "<group>"; };
		70CB9E121D42DCAC008F46B7 /* AnimatedImageView.swift */ = {isa = PBXFileReference; fileEncoding = 4; lastKnownFileType = sourcecode.swift; path = AnimatedImageView.swift; sourceTree = "<group>"; };
		70CC927B1CFFDF1A000AD403 /* VariantColorMatcher.swift */ = {isa = PBXFileReference; fileEncoding = 4; lastKnownFileType = sourcecode.swift; path = VariantColorMatcher.swift; sourceTree = "<group>"; };
		70CECA811CEE31E600FF7B8F /* FilterManager.swift */ = {isa = PBXFileReference; fileEncoding = 4; lastKnownFileType = sourcecode.swift; path = FilterManager.swift; sourceTree = "<group>"; };
		70CECA861CF7AD2400FF7B8F /* FilterObjectConverter.swift */ = {isa = PBXFileReference; fileEncoding = 4; lastKnownFileType = sourcecode.swift; path = FilterObjectConverter.swift; sourceTree = "<group>"; };
		70D84A9B1CB9557200A70485 /* Layers.app */ = {isa = PBXFileReference; explicitFileType = wrapper.application; includeInIndex = 0; path = Layers.app; sourceTree = BUILT_PRODUCTS_DIR; };
		70D84A9E1CB9557300A70485 /* AppDelegate.swift */ = {isa = PBXFileReference; lastKnownFileType = sourcecode.swift; path = AppDelegate.swift; sourceTree = "<group>"; };
		70D84AA31CB9557300A70485 /* Base */ = {isa = PBXFileReference; lastKnownFileType = file.storyboard; name = Base; path = Base.lproj/Main.storyboard; sourceTree = "<group>"; };
		70D84AA51CB9557300A70485 /* Assets.xcassets */ = {isa = PBXFileReference; lastKnownFileType = folder.assetcatalog; path = Assets.xcassets; sourceTree = "<group>"; };
		70D84AAA1CB9557300A70485 /* Info.plist */ = {isa = PBXFileReference; lastKnownFileType = text.plist.xml; path = Info.plist; sourceTree = "<group>"; };
		70D9019D1D0FA15F0078298B /* ConfirmFacebookInfoViewController.swift */ = {isa = PBXFileReference; fileEncoding = 4; lastKnownFileType = sourcecode.swift; path = ConfirmFacebookInfoViewController.swift; sourceTree = "<group>"; };
		70D9019F1D0FA6840078298B /* TwoTextFieldCell.swift */ = {isa = PBXFileReference; fileEncoding = 4; lastKnownFileType = sourcecode.swift; path = TwoTextFieldCell.swift; sourceTree = "<group>"; };
		70D901A41D10FA220078298B /* Constants.swift */ = {isa = PBXFileReference; fileEncoding = 4; lastKnownFileType = sourcecode.swift; path = Constants.swift; sourceTree = "<group>"; };
		70D901A61D12176A0078298B /* AgeRange.swift */ = {isa = PBXFileReference; fileEncoding = 4; lastKnownFileType = sourcecode.swift; path = AgeRange.swift; sourceTree = "<group>"; };
		70D901A81D1220C80078298B /* ProductCollectionViewFlowLayout.swift */ = {isa = PBXFileReference; fileEncoding = 4; lastKnownFileType = sourcecode.swift; path = ProductCollectionViewFlowLayout.swift; sourceTree = "<group>"; };
		70D901B31D151DAC0078298B /* GlobalAlert.swift */ = {isa = PBXFileReference; fileEncoding = 4; lastKnownFileType = sourcecode.swift; path = GlobalAlert.swift; sourceTree = "<group>"; };
		70DD853E1CFFA08F00319716 /* Search.storyboard */ = {isa = PBXFileReference; fileEncoding = 4; lastKnownFileType = file.storyboard; path = Search.storyboard; sourceTree = "<group>"; };
		70DD85401CFFA0C900319716 /* SearchViewController.swift */ = {isa = PBXFileReference; fileEncoding = 4; lastKnownFileType = sourcecode.swift; path = SearchViewController.swift; sourceTree = "<group>"; };
		70EEEDB91D57D65D0028F0DF /* ProductPatch.swift */ = {isa = PBXFileReference; fileEncoding = 4; lastKnownFileType = sourcecode.swift; path = ProductPatch.swift; sourceTree = "<group>"; };
		70FF31CD1D0CDDB800F19C9E /* PriceFilterViewController.swift */ = {isa = PBXFileReference; fileEncoding = 4; lastKnownFileType = sourcecode.swift; path = PriceFilterViewController.swift; sourceTree = "<group>"; };
		C29055E7EACEA98F3107E42C /* Pods_Layers.framework */ = {isa = PBXFileReference; explicitFileType = wrapper.framework; includeInIndex = 0; path = Pods_Layers.framework; sourceTree = BUILT_PRODUCTS_DIR; };
/* End PBXFileReference section */

/* Begin PBXFrameworksBuildPhase section */
		70D84A981CB9557200A70485 /* Frameworks */ = {
			isa = PBXFrameworksBuildPhase;
			buildActionMask = 2147483647;
			files = (
				35D2CA6AC9BC70A0D97C9B38 /* Pods_Layers.framework in Frameworks */,
			);
			runOnlyForDeploymentPostprocessing = 0;
		};
/* End PBXFrameworksBuildPhase section */

/* Begin PBXGroup section */
		18382FE24C97633ECC26B812 /* Frameworks */ = {
			isa = PBXGroup;
			children = (
				C29055E7EACEA98F3107E42C /* Pods_Layers.framework */,
			);
			name = Frameworks;
			sourceTree = "<group>";
		};
		70032F521D5F9C9100BCA625 /* Popup */ = {
			isa = PBXGroup;
			children = (
				70032F531D5F9CCC00BCA625 /* DiscoverPopup.xib */,
				70032F551D5F9F1200BCA625 /* DiscoverPopupView.swift */,
			);
			name = Popup;
			sourceTree = "<group>";
		};
		70204A621CBF5EB700868C00 /* Web */ = {
			isa = PBXGroup;
			children = (
				7033C73F1D5E707E0035A13D /* ProductWebViewController.swift */,
				7033C7411D5E7C780035A13D /* ProductWebNavigationController.swift */,
			);
			name = Web;
			sourceTree = "<group>";
		};
		702FC2F21CC2D8720012969C /* UINavigationItem+BackButton */ = {
			isa = PBXGroup;
			children = (
				702FC2EF1CC2D8470012969C /* UINavigationItem+BackButton.h */,
				702FC2F01CC2D8470012969C /* UINavigationItem+BackButton.m */,
			);
			name = "UINavigationItem+BackButton";
			sourceTree = "<group>";
		};
		702FC2F71CC336EE0012969C /* Models */ = {
			isa = PBXGroup;
			children = (
				70987BED1CB9658200D86FBA /* User.swift */,
				70D901A61D12176A0078298B /* AgeRange.swift */,
			);
			name = Models;
			sourceTree = "<group>";
		};
		702FC2FA1CC337020012969C /* Responses */ = {
			isa = PBXGroup;
			children = (
				70059C941CD672990094B454 /* FacebookUserResponse.swift */,
				7024AA371D259E4D00069B59 /* DeviceTokenResponse.swift */,
				703143B51D7B8F410032D54F /* NotificationResponse.swift */,
			);
			name = Responses;
			sourceTree = "<group>";
		};
		703143AD1D7B84FC0032D54F /* Montserrat */ = {
			isa = PBXGroup;
			children = (
				703143A71D7B84EE0032D54F /* Montserrat-Light.otf */,
				703143A81D7B84EE0032D54F /* Montserrat-Regular.otf */,
				703143A91D7B84EE0032D54F /* Montserrat-SemiBold.otf */,
			);
			name = Montserrat;
			sourceTree = "<group>";
		};
		703143AE1D7B8AEA0032D54F /* Notifications */ = {
			isa = PBXGroup;
			children = (
				703143AF1D7B8B1E0032D54F /* NotificationsViewController.swift */,
				703143B31D7B8EA70032D54F /* NotificationCell.swift */,
			);
			name = Notifications;
			sourceTree = "<group>";
		};
		703D463D1D15C75900AB25C0 /* Cells */ = {
			isa = PBXGroup;
			children = (
				707F48831D013D9D00E82A4C /* CallToActionCell.swift */,
				702FC3021CC408FC0012969C /* TextViewCell.swift */,
				703D463B1D15C75300AB25C0 /* OpenSourceCell.swift */,
			);
			name = Cells;
			sourceTree = "<group>";
		};
		704FD3A81D84886C00CC8F9A /* Cells */ = {
			isa = PBXGroup;
			children = (
				704FD3A61D84885600CC8F9A /* AccountHeaderCell.swift */,
				704FD3A41D8485FF00CC8F9A /* BasicCollectionCell.swift */,
				70B311BE1D7D28BB00303D39 /* ProfileHeaderCell.swift */,
				70B311C01D7D28C700303D39 /* UserProductCell.swift */,
			);
			name = Cells;
			sourceTree = "<group>";
		};
		704FD3AD1D8494B800CC8F9A /* HeaderView */ = {
			isa = PBXGroup;
			children = (
				704FD3A91D8493F400CC8F9A /* HeaderView.swift */,
				704FD3AB1D84940900CC8F9A /* HeaderView.xib */,
			);
			name = HeaderView;
			sourceTree = "<group>";
		};
		706FF88F1CBD6A02007B26AD /* Cells */ = {
			isa = PBXGroup;
			children = (
				70987C321CB9CA1300D86FBA /* ProductHeaderCell.swift */,
				706FF8901CBD6B6C007B26AD /* SizeCell.swift */,
				706FF8931CBD6B83007B26AD /* StyleCell.swift */,
				70B311C41D7DEB4E00303D39 /* MoreDetailsCell.swift */,
				706FF8951CBD6B95007B26AD /* PriceGraphCell.swift */,
				706FF8971CBD6E3E007B26AD /* OverallReviewCell.swift */,
				706FF8991CBD6E7A007B26AD /* AlternateReviewCell.swift */,
			);
			name = Cells;
			sourceTree = "<group>";
		};
		70776FC41CC5F872002E6F25 /* Filter */ = {
			isa = PBXGroup;
			children = (
				70776FC51CC5F881002E6F25 /* FilterViewController.swift */,
				70AF1A2C1CE3C57500C0518C /* TextFilterViewController.swift */,
				70FF31CD1D0CDDB800F19C9E /* PriceFilterViewController.swift */,
				70488C531CE63C640085BAE9 /* ColorFilterViewController.swift */,
				70776FC91CC685B4002E6F25 /* Cells */,
			);
			name = Filter;
			sourceTree = "<group>";
		};
		70776FC91CC685B4002E6F25 /* Cells */ = {
			isa = PBXGroup;
			children = (
				70AF1A2E1CE3C6A800C0518C /* SubtitleFilterCell.swift */,
				70488C511CE63C3E0085BAE9 /* ColorCell.swift */,
			);
			name = Cells;
			sourceTree = "<group>";
		};
		70837E691CFA4A9200C83045 /* Deep Linking */ = {
			isa = PBXGroup;
			children = (
				70837E6A1CFA4AA500C83045 /* ProductRouteHandler.swift */,
			);
			name = "Deep Linking";
			sourceTree = "<group>";
		};
		70987BE61CB95E9E00D86FBA /* App State Transitioner */ = {
			isa = PBXGroup;
			children = (
				70987BE41CB95B4F00D86FBA /* AppStateTransitioner.swift */,
			);
			name = "App State Transitioner";
			sourceTree = "<group>";
		};
		70987BEF1CB9658700D86FBA /* Data Model */ = {
			isa = PBXGroup;
			children = (
				702FC2F71CC336EE0012969C /* Models */,
				702FC2FA1CC337020012969C /* Responses */,
				70B311A41D7CC90C00303D39 /* New Model */,
			);
			name = "Data Model";
			sourceTree = "<group>";
		};
		70987BF21CB9705C00D86FBA /* Product Collection */ = {
			isa = PBXGroup;
			children = (
				70987BE91CB95F1900D86FBA /* ProductCollectionViewController.swift */,
				707F48DC1D07A84900E82A4C /* SearchProductCollectionViewController.swift */,
				70AF1A241CE199B400C0518C /* Cells */,
				70032F521D5F9C9100BCA625 /* Popup */,
			);
			name = "Product Collection";
			sourceTree = "<group>";
		};
		70987BF31CB9706200D86FBA /* View Controllers */ = {
			isa = PBXGroup;
			children = (
				70987C361CB9D15100D86FBA /* Login.storyboard */,
				70D84AA21CB9557300A70485 /* Main.storyboard */,
				70DD853E1CFFA08F00319716 /* Search.storyboard */,
				703143B11D7B8BA80032D54F /* Notifications.storyboard */,
				70987C271CB9A4A500D86FBA /* Account.storyboard */,
				70987C3E1CBBF07F00D86FBA /* Login */,
				70776FC41CC5F872002E6F25 /* Filter */,
				70987BF21CB9705C00D86FBA /* Product Collection */,
				70987C311CB9C9FC00D86FBA /* Product Detail */,
				70DD85421CFFA38800319716 /* Search */,
				703143AE1D7B8AEA0032D54F /* Notifications */,
				70987C2B1CB9A4C200D86FBA /* Account */,
			);
			name = "View Controllers";
			sourceTree = "<group>";
		};
		70987BF61CB9740100D86FBA /* Colors & Fonts */ = {
			isa = PBXGroup;
			children = (
				70987C011CB9806200D86FBA /* Colors */,
				70987C001CB9805500D86FBA /* Fonts */,
			);
			name = "Colors & Fonts";
			sourceTree = "<group>";
		};
		70987BFD1CB97ABE00D86FBA /* LRWindow */ = {
			isa = PBXGroup;
			children = (
				70987BFB1CB97A9900D86FBA /* LRWindow.swift */,
			);
			name = LRWindow;
			sourceTree = "<group>";
		};
		70987BFE1CB97AC300D86FBA /* Utilities */ = {
			isa = PBXGroup;
			children = (
				70776FD21CC8A9FF002E6F25 /* Localization.swift */,
				70987C1C1CB98A7B00D86FBA /* NSAttributedString+Pricing */,
				70987BFD1CB97ABE00D86FBA /* LRWindow */,
				702FC2F21CC2D8720012969C /* UINavigationItem+BackButton */,
				705390391CD7ED9100DA8E15 /* SafeIndex.swift */,
				70AF1A1E1CE1479200C0518C /* NSURLImageSIze.swift */,
				70CECA861CF7AD2400FF7B8F /* FilterObjectConverter.swift */,
				70BE79BE1CFCFFD200AABE8A /* ErrorMessage.swift */,
				70CC927B1CFFDF1A000AD403 /* VariantColorMatcher.swift */,
				707F48D21D04BCCE00E82A4C /* HighlightedButton.swift */,
				70D901A81D1220C80078298B /* ProductCollectionViewFlowLayout.swift */,
				70D901B31D151DAC0078298B /* GlobalAlert.swift */,
				703D46421D16261900AB25C0 /* DeviceComparison.swift */,
				70CB9E121D42DCAC008F46B7 /* AnimatedImageView.swift */,
				7003C1A71D446E9200FB531B /* LoginValidation.swift */,
				701B59CF1D4F925300354C68 /* FakeProgressView.swift */,
				70EEEDB91D57D65D0028F0DF /* ProductPatch.swift */,
				70C386D71D5BB9770045C86E /* EmptyStateView.swift */,
				70329DF01D7F744500C1D9D0 /* VariantColors.swift */,
				704FD3AD1D8494B800CC8F9A /* HeaderView */,
			);
			name = Utilities;
			sourceTree = "<group>";
		};
		70987BFF1CB9804C00D86FBA /* Resources */ = {
			isa = PBXGroup;
			children = (
				703143AD1D7B84FC0032D54F /* Montserrat */,
				70987C081CB980B800D86FBA /* Oxygen */,
			);
			name = Resources;
			sourceTree = "<group>";
		};
		70987C001CB9805500D86FBA /* Fonts */ = {
			isa = PBXGroup;
			children = (
				70987C161CB985DE00D86FBA /* Font.swift */,
				70B311A21D7C955900303D39 /* FontAttributes.swift */,
				70987BFF1CB9804C00D86FBA /* Resources */,
			);
			name = Fonts;
			sourceTree = "<group>";
		};
		70987C011CB9806200D86FBA /* Colors */ = {
			isa = PBXGroup;
			children = (
				70987BF91CB9749700D86FBA /* Color.swift */,
			);
			name = Colors;
			sourceTree = "<group>";
		};
		70987C081CB980B800D86FBA /* Oxygen */ = {
			isa = PBXGroup;
			children = (
				70987C021CB980B300D86FBA /* Oxygen-Bold.ttf */,
				70987C031CB980B300D86FBA /* Oxygen-Light.ttf */,
				70987C041CB980B300D86FBA /* Oxygen-Regular.ttf */,
			);
			name = Oxygen;
			sourceTree = "<group>";
		};
		70987C1C1CB98A7B00D86FBA /* NSAttributedString+Pricing */ = {
			isa = PBXGroup;
			children = (
				70987C191CB98A7700D86FBA /* NSAttributedString+Pricing.h */,
				70987C1A1CB98A7700D86FBA /* NSAttributedString+Pricing.m */,
			);
			name = "NSAttributedString+Pricing";
			sourceTree = "<group>";
		};
		70987C2B1CB9A4C200D86FBA /* Account */ = {
			isa = PBXGroup;
			children = (
				704FD3A21D83579C00CC8F9A /* AccountHomeViewController.swift */,
				70B311BC1D7D27E600303D39 /* UserProfileViewController.swift */,
				704FD3A81D84886C00CC8F9A /* Cells */,
				70B311BB1D7D27C200303D39 /* Settings */,
			);
			name = Account;
			sourceTree = "<group>";
		};
		70987C2C1CB9A4FB00D86FBA /* Session Manager / Data Layer */ = {
			isa = PBXGroup;
			children = (
				70987BF41CB970CA00D86FBA /* LRSessionManager.swift */,
				7022F2F41CFCAD100097DDF9 /* AWSManager.swift */,
				70CECA811CEE31E600FF7B8F /* FilterManager.swift */,
				70776FD01CC8A90C002E6F25 /* Localizable.strings */,
				70987BEF1CB9658700D86FBA /* Data Model */,
			);
			name = "Session Manager / Data Layer";
			sourceTree = "<group>";
		};
		70987C311CB9C9FC00D86FBA /* Product Detail */ = {
			isa = PBXGroup;
			children = (
				70987C2F1CB9B4E400D86FBA /* ProductViewController.swift */,
				70A71B9A1CC593A700B58B74 /* Pickers */,
				706FF88F1CBD6A02007B26AD /* Cells */,
				70B311C61D7DF2BE00303D39 /* More Details */,
				70204A621CBF5EB700868C00 /* Web */,
			);
			name = "Product Detail";
			sourceTree = "<group>";
		};
		70987C3E1CBBF07F00D86FBA /* Login */ = {
			isa = PBXGroup;
			children = (
				703143B71D7BD13F0032D54F /* LoginViewController.swift */,
				70987C3C1CBBF07B00D86FBA /* GetStartedViewController.swift */,
				706FF8891CBC54F8007B26AD /* EmailLoginViewController.swift */,
				702FC2FB1CC344960012969C /* EmailCreateAccountViewController.swift */,
				70D9019D1D0FA15F0078298B /* ConfirmFacebookInfoViewController.swift */,
				706FF88B1CBC57D6007B26AD /* TextFieldCell.swift */,
				70D9019F1D0FA6840078298B /* TwoTextFieldCell.swift */,
			);
			name = Login;
			sourceTree = "<group>";
		};
		70A71B9A1CC593A700B58B74 /* Pickers */ = {
			isa = PBXGroup;
			children = (
				70A71B9B1CC593D800B58B74 /* PickerAccessoryView.swift */,
				70AF1A221CE1676200C0518C /* PickerRow.swift */,
				70AF1A201CE1651A00C0518C /* PickerRow.xib */,
			);
			name = Pickers;
			sourceTree = "<group>";
		};
		70AF1A241CE199B400C0518C /* Cells */ = {
			isa = PBXGroup;
			children = (
				70987BF01CB9672200D86FBA /* ProductCell.swift */,
			);
			name = Cells;
			sourceTree = "<group>";
		};
		70B311A41D7CC90C00303D39 /* New Model */ = {
			isa = PBXGroup;
			children = (
				70B311A51D7CC94A00303D39 /* Product.swift */,
				70B311B51D7D053A00303D39 /* Category.swift */,
				70B311A71D7CCC7F00303D39 /* Brand.swift */,
				70B311A91D7CCD0000303D39 /* Retailer.swift */,
				70B311AB1D7CCD4D00303D39 /* Price.swift */,
				70B311AD1D7CCDA700303D39 /* AltPrice.swift */,
				70B311AF1D7CCE5100303D39 /* Variant.swift */,
				70B311B11D7CD17B00303D39 /* Size.swift */,
				70B311B91D7D154F00303D39 /* Images.swift */,
				70B311B31D7CFA7F00303D39 /* Image.swift */,
				70B311B71D7D08FB00303D39 /* ColorObject.swift */,
				70329DE61D7E75A400C1D9D0 /* SearchResults.swift */,
				70329DE81D7E75E600C1D9D0 /* SimpleProduct.swift */,
			);
			name = "New Model";
			sourceTree = "<group>";
		};
		70B311BB1D7D27C200303D39 /* Settings */ = {
			isa = PBXGroup;
			children = (
				70987C291CB9A4BF00D86FBA /* AccountViewController.swift */,
				702FC3001CC3FE6D0012969C /* ContactUsViewController.swift */,
				70987C3A1CBAB4BF00D86FBA /* SimpleWebViewController.swift */,
				703D46391D15C21700AB25C0 /* OpenSourceViewController.swift */,
				703D463D1D15C75900AB25C0 /* Cells */,
			);
			name = Settings;
			sourceTree = "<group>";
		};
		70B311C61D7DF2BE00303D39 /* More Details */ = {
			isa = PBXGroup;
			children = (
				70B311C71D7DF2E700303D39 /* MoreDetailsViewController.swift */,
				706FF8A21CBDF771007B26AD /* SimpleProductHeaderCell.swift */,
				70B311C91D7DF34800303D39 /* FreeformTextCell.swift */,
			);
			name = "More Details";
			sourceTree = "<group>";
		};
		70D84A921CB9557200A70485 = {
			isa = PBXGroup;
			children = (
				70676BA21D61798E00219E9C /* Layers.entitlements */,
				70D84A9D1CB9557300A70485 /* Layers */,
				70D84A9C1CB9557200A70485 /* Products */,
				C4EC2D873913FC477A8BD06D /* Pods */,
				18382FE24C97633ECC26B812 /* Frameworks */,
			);
			sourceTree = "<group>";
		};
		70D84A9C1CB9557200A70485 /* Products */ = {
			isa = PBXGroup;
			children = (
				70D84A9B1CB9557200A70485 /* Layers.app */,
			);
			name = Products;
			sourceTree = "<group>";
		};
		70D84A9D1CB9557300A70485 /* Layers */ = {
			isa = PBXGroup;
			children = (
				70D84A9E1CB9557300A70485 /* AppDelegate.swift */,
				70D901A41D10FA220078298B /* Constants.swift */,
				703D463E1D15CA7E00AB25C0 /* OpenSource.swift */,
				703D46401D15CCCA00AB25C0 /* OpenSourceList.plist */,
				70837E691CFA4A9200C83045 /* Deep Linking */,
				70987BFE1CB97AC300D86FBA /* Utilities */,
				70987BF61CB9740100D86FBA /* Colors & Fonts */,
				70987BE61CB95E9E00D86FBA /* App State Transitioner */,
				70987C2C1CB9A4FB00D86FBA /* Session Manager / Data Layer */,
				70987BF31CB9706200D86FBA /* View Controllers */,
				70D84AA51CB9557300A70485 /* Assets.xcassets */,
				70776FDD1CD64516002E6F25 /* GoogleService-Info.plist */,
				70D84AAA1CB9557300A70485 /* Info.plist */,
				70987C181CB98A3300D86FBA /* Layers-BridgingHeader.h */,
			);
			path = Layers;
			sourceTree = "<group>";
		};
		70DD85421CFFA38800319716 /* Search */ = {
			isa = PBXGroup;
			children = (
				70DD85401CFFA0C900319716 /* SearchViewController.swift */,
				70329DEA1D7EFE5F00C1D9D0 /* SearchCell.swift */,
				70329DEC1D7F3B4C00C1D9D0 /* CategoryCell.swift */,
			);
			name = Search;
			sourceTree = "<group>";
		};
		C4EC2D873913FC477A8BD06D /* Pods */ = {
			isa = PBXGroup;
			children = (
				2617CC4AE1CA59B7C7DFB253 /* Pods-Layers.debug.xcconfig */,
				3FCE59FA6B494AAB3C36EE8C /* Pods-Layers.release.xcconfig */,
			);
			name = Pods;
			sourceTree = "<group>";
		};
/* End PBXGroup section */

/* Begin PBXNativeTarget section */
		70D84A9A1CB9557200A70485 /* Layers */ = {
			isa = PBXNativeTarget;
			buildConfigurationList = 70D84AAD1CB9557300A70485 /* Build configuration list for PBXNativeTarget "Layers" */;
			buildPhases = (
				A34BDF9E3D8CA4A0F4052948 /* Check Pods Manifest.lock */,
				70D84A971CB9557200A70485 /* Sources */,
				70D84A981CB9557200A70485 /* Frameworks */,
				70D84A991CB9557200A70485 /* Resources */,
				BC222FEF670F8C99C7C14B7C /* Embed Pods Frameworks */,
				8FFF9DBF607F77DEE0D5153B /* Copy Pods Resources */,
				70987C1E1CB99C7700D86FBA /* Increment Build Number Script */,
				70C0CC391D17A1A700B738CF /* ShellScript */,
			);
			buildRules = (
			);
			dependencies = (
			);
			name = Layers;
			productName = Layers;
			productReference = 70D84A9B1CB9557200A70485 /* Layers.app */;
			productType = "com.apple.product-type.application";
		};
/* End PBXNativeTarget section */

/* Begin PBXProject section */
		70D84A931CB9557200A70485 /* Project object */ = {
			isa = PBXProject;
			attributes = {
				LastSwiftUpdateCheck = 0730;
				LastUpgradeCheck = 0730;
				ORGANIZATIONNAME = Layers;
				TargetAttributes = {
					70D84A9A1CB9557200A70485 = {
						CreatedOnToolsVersion = 7.3;
						DevelopmentTeam = MX5UC7BZWE;
						SystemCapabilities = {
							com.apple.Push = {
								enabled = 1;
							};
							com.apple.SafariKeychain = {
								enabled = 0;
							};
						};
					};
				};
			};
			buildConfigurationList = 70D84A961CB9557200A70485 /* Build configuration list for PBXProject "Layers" */;
			compatibilityVersion = "Xcode 3.2";
			developmentRegion = English;
			hasScannedForEncodings = 0;
			knownRegions = (
				en,
				Base,
			);
			mainGroup = 70D84A921CB9557200A70485;
			productRefGroup = 70D84A9C1CB9557200A70485 /* Products */;
			projectDirPath = "";
			projectRoot = "";
			targets = (
				70D84A9A1CB9557200A70485 /* Layers */,
			);
		};
/* End PBXProject section */

/* Begin PBXResourcesBuildPhase section */
		70D84A991CB9557200A70485 /* Resources */ = {
			isa = PBXResourcesBuildPhase;
			buildActionMask = 2147483647;
			files = (
				70676BA31D61798E00219E9C /* Layers.entitlements in Resources */,
				70032F541D5F9CCC00BCA625 /* DiscoverPopup.xib in Resources */,
				703143AB1D7B84EE0032D54F /* Montserrat-Regular.otf in Resources */,
				70D84AA61CB9557300A70485 /* Assets.xcassets in Resources */,
				70D84AA41CB9557300A70485 /* Main.storyboard in Resources */,
				703143AA1D7B84EE0032D54F /* Montserrat-Light.otf in Resources */,
				70AF1A211CE1651A00C0518C /* PickerRow.xib in Resources */,
				70987C281CB9A4A500D86FBA /* Account.storyboard in Resources */,
				70987C071CB980B300D86FBA /* Oxygen-Regular.ttf in Resources */,
				70987C371CB9D15100D86FBA /* Login.storyboard in Resources */,
				70776FD11CC8A90C002E6F25 /* Localizable.strings in Resources */,
				704FD3AC1D84940900CC8F9A /* HeaderView.xib in Resources */,
				70987C051CB980B300D86FBA /* Oxygen-Bold.ttf in Resources */,
				703143AC1D7B84EE0032D54F /* Montserrat-SemiBold.otf in Resources */,
				703143B21D7B8BA80032D54F /* Notifications.storyboard in Resources */,
				70987C061CB980B300D86FBA /* Oxygen-Light.ttf in Resources */,
				70DD853F1CFFA08F00319716 /* Search.storyboard in Resources */,
				703D46411D15CCCA00AB25C0 /* OpenSourceList.plist in Resources */,
				70776FDE1CD64516002E6F25 /* GoogleService-Info.plist in Resources */,
			);
			runOnlyForDeploymentPostprocessing = 0;
		};
/* End PBXResourcesBuildPhase section */

/* Begin PBXShellScriptBuildPhase section */
		70987C1E1CB99C7700D86FBA /* Increment Build Number Script */ = {
			isa = PBXShellScriptBuildPhase;
			buildActionMask = 2147483647;
			files = (
			);
			inputPaths = (
			);
			name = "Increment Build Number Script";
			outputPaths = (
			);
			runOnlyForDeploymentPostprocessing = 0;
			shellPath = /bin/sh;
			shellScript = "#!/bin/bash\nbuildNumber=$(/usr/libexec/PlistBuddy -c \"Print CFBundleVersion\" \"$INFOPLIST_FILE\")\nbuildNumber=$(($buildNumber + 1))\n/usr/libexec/PlistBuddy -c \"Set :CFBundleVersion $buildNumber\" \"$INFOPLIST_FILE\"";
		};
		70C0CC391D17A1A700B738CF /* ShellScript */ = {
			isa = PBXShellScriptBuildPhase;
			buildActionMask = 2147483647;
			files = (
			);
			inputPaths = (
			);
			outputPaths = (
			);
			runOnlyForDeploymentPostprocessing = 0;
			shellPath = /bin/sh;
			shellScript = "\"${PODS_ROOT}/Fabric/run\" fdaf05f61a1e9365c304bc071ccbb2396316bdc5 0cd9513c8f2eb6d5cf093aedcdbecf222b5c7d398cfe60cf69d6eaa4bdd11197";
		};
		8FFF9DBF607F77DEE0D5153B /* Copy Pods Resources */ = {
			isa = PBXShellScriptBuildPhase;
			buildActionMask = 2147483647;
			files = (
			);
			inputPaths = (
			);
			name = "Copy Pods Resources";
			outputPaths = (
			);
			runOnlyForDeploymentPostprocessing = 0;
			shellPath = /bin/sh;
			shellScript = "\"${SRCROOT}/Pods/Target Support Files/Pods-Layers/Pods-Layers-resources.sh\"\n";
			showEnvVarsInLog = 0;
		};
		A34BDF9E3D8CA4A0F4052948 /* Check Pods Manifest.lock */ = {
			isa = PBXShellScriptBuildPhase;
			buildActionMask = 2147483647;
			files = (
			);
			inputPaths = (
			);
			name = "Check Pods Manifest.lock";
			outputPaths = (
			);
			runOnlyForDeploymentPostprocessing = 0;
			shellPath = /bin/sh;
			shellScript = "diff \"${PODS_ROOT}/../Podfile.lock\" \"${PODS_ROOT}/Manifest.lock\" > /dev/null\nif [[ $? != 0 ]] ; then\n    cat << EOM\nerror: The sandbox is not in sync with the Podfile.lock. Run 'pod install' or update your CocoaPods installation.\nEOM\n    exit 1\nfi\n";
			showEnvVarsInLog = 0;
		};
		BC222FEF670F8C99C7C14B7C /* Embed Pods Frameworks */ = {
			isa = PBXShellScriptBuildPhase;
			buildActionMask = 2147483647;
			files = (
			);
			inputPaths = (
			);
			name = "Embed Pods Frameworks";
			outputPaths = (
			);
			runOnlyForDeploymentPostprocessing = 0;
			shellPath = /bin/sh;
			shellScript = "\"${SRCROOT}/Pods/Target Support Files/Pods-Layers/Pods-Layers-frameworks.sh\"\n";
			showEnvVarsInLog = 0;
		};
/* End PBXShellScriptBuildPhase section */

/* Begin PBXSourcesBuildPhase section */
		70D84A971CB9557200A70485 /* Sources */ = {
			isa = PBXSourcesBuildPhase;
			buildActionMask = 2147483647;
			files = (
				7022F2F51CFCAD100097DDF9 /* AWSManager.swift in Sources */,
				70AF1A231CE1676200C0518C /* PickerRow.swift in Sources */,
				703143B01D7B8B1E0032D54F /* NotificationsViewController.swift in Sources */,
				706FF89A1CBD6E7A007B26AD /* AlternateReviewCell.swift in Sources */,
				703D463F1D15CA7E00AB25C0 /* OpenSource.swift in Sources */,
				70987BE51CB95B4F00D86FBA /* AppStateTransitioner.swift in Sources */,
				70DD85411CFFA0C900319716 /* SearchViewController.swift in Sources */,
				70D901A71D12176A0078298B /* AgeRange.swift in Sources */,
				70B311CA1D7DF34800303D39 /* FreeformTextCell.swift in Sources */,
				703143B81D7BD13F0032D54F /* LoginViewController.swift in Sources */,
				70B311B61D7D053A00303D39 /* Category.swift in Sources */,
				70987BF51CB970CA00D86FBA /* LRSessionManager.swift in Sources */,
				70987C2A1CB9A4BF00D86FBA /* AccountViewController.swift in Sources */,
				70B311AC1D7CCD4D00303D39 /* Price.swift in Sources */,
				70987C301CB9B4E400D86FBA /* ProductViewController.swift in Sources */,
				702FC2FC1CC344960012969C /* EmailCreateAccountViewController.swift in Sources */,
				702FC3031CC408FC0012969C /* TextViewCell.swift in Sources */,
				706FF88C1CBC57D6007B26AD /* TextFieldCell.swift in Sources */,
				70329DE71D7E75A400C1D9D0 /* SearchResults.swift in Sources */,
				706FF88A1CBC54F8007B26AD /* EmailLoginViewController.swift in Sources */,
				70987C171CB985DE00D86FBA /* Font.swift in Sources */,
				70329DED1D7F3B4C00C1D9D0 /* CategoryCell.swift in Sources */,
				70837E6B1CFA4AA500C83045 /* ProductRouteHandler.swift in Sources */,
				706FF8961CBD6B95007B26AD /* PriceGraphCell.swift in Sources */,
				70B311B21D7CD17B00303D39 /* Size.swift in Sources */,
				702FC3011CC3FE6D0012969C /* ContactUsViewController.swift in Sources */,
				704FD3A51D8485FF00CC8F9A /* BasicCollectionCell.swift in Sources */,
				703D463C1D15C75300AB25C0 /* OpenSourceCell.swift in Sources */,
				70987BFC1CB97A9900D86FBA /* LRWindow.swift in Sources */,
				70B311AA1D7CCD0000303D39 /* Retailer.swift in Sources */,
				70987C3B1CBAB4BF00D86FBA /* SimpleWebViewController.swift in Sources */,
				70329DF11D7F744600C1D9D0 /* VariantColors.swift in Sources */,
				70329DE91D7E75E600C1D9D0 /* SimpleProduct.swift in Sources */,
				706FF8941CBD6B83007B26AD /* StyleCell.swift in Sources */,
				70987BEA1CB95F1900D86FBA /* ProductCollectionViewController.swift in Sources */,
				7053903A1CD7ED9100DA8E15 /* SafeIndex.swift in Sources */,
				70B311B81D7D08FB00303D39 /* ColorObject.swift in Sources */,
				70D901A01D0FA6840078298B /* TwoTextFieldCell.swift in Sources */,
				70987BF11CB9672200D86FBA /* ProductCell.swift in Sources */,
				70CC927C1CFFDF1A000AD403 /* VariantColorMatcher.swift in Sources */,
				70FF31CE1D0CDDB800F19C9E /* PriceFilterViewController.swift in Sources */,
				70B311A31D7C955900303D39 /* FontAttributes.swift in Sources */,
				7033C7401D5E707E0035A13D /* ProductWebViewController.swift in Sources */,
				703143B41D7B8EA70032D54F /* NotificationCell.swift in Sources */,
				706FF8911CBD6B6C007B26AD /* SizeCell.swift in Sources */,
				70CECA821CEE31E600FF7B8F /* FilterManager.swift in Sources */,
				70329DEB1D7EFE5F00C1D9D0 /* SearchCell.swift in Sources */,
				70CECA871CF7AD2400FF7B8F /* FilterObjectConverter.swift in Sources */,
				70B311C51D7DEB4F00303D39 /* MoreDetailsCell.swift in Sources */,
				70059C951CD672990094B454 /* FacebookUserResponse.swift in Sources */,
				70B311A81D7CCC7F00303D39 /* Brand.swift in Sources */,
				70B311C81D7DF2E700303D39 /* MoreDetailsViewController.swift in Sources */,
				702FC2F11CC2D8470012969C /* UINavigationItem+BackButton.m in Sources */,
				70CB9E131D42DCAC008F46B7 /* AnimatedImageView.swift in Sources */,
				70AF1A1F1CE1479200C0518C /* NSURLImageSIze.swift in Sources */,
				70488C521CE63C3E0085BAE9 /* ColorCell.swift in Sources */,
				707F48D31D04BCCE00E82A4C /* HighlightedButton.swift in Sources */,
				7024AA381D259E4D00069B59 /* DeviceTokenResponse.swift in Sources */,
				70B311BA1D7D154F00303D39 /* Images.swift in Sources */,
				7003C1A81D446E9200FB531B /* LoginValidation.swift in Sources */,
				70032F561D5F9F1200BCA625 /* DiscoverPopupView.swift in Sources */,
				70D901A91D1220C80078298B /* ProductCollectionViewFlowLayout.swift in Sources */,
				70AF1A2F1CE3C6A800C0518C /* SubtitleFilterCell.swift in Sources */,
				701B59D01D4F925300354C68 /* FakeProgressView.swift in Sources */,
				70D9019E1D0FA15F0078298B /* ConfirmFacebookInfoViewController.swift in Sources */,
				70B311BD1D7D27E600303D39 /* UserProfileViewController.swift in Sources */,
				70B311B41D7CFA7F00303D39 /* Image.swift in Sources */,
				706FF8A31CBDF771007B26AD /* SimpleProductHeaderCell.swift in Sources */,
				706FF8981CBD6E3E007B26AD /* OverallReviewCell.swift in Sources */,
				70987BFA1CB9749700D86FBA /* Color.swift in Sources */,
				70987C331CB9CA1300D86FBA /* ProductHeaderCell.swift in Sources */,
				7033C7421D5E7C780035A13D /* ProductWebNavigationController.swift in Sources */,
				70B311C11D7D28C700303D39 /* UserProductCell.swift in Sources */,
				704FD3AA1D8493F400CC8F9A /* HeaderView.swift in Sources */,
				70776FC61CC5F881002E6F25 /* FilterViewController.swift in Sources */,
				707F48841D013D9D00E82A4C /* CallToActionCell.swift in Sources */,
				70C386D81D5BB9770045C86E /* EmptyStateView.swift in Sources */,
				70987C1B1CB98A7700D86FBA /* NSAttributedString+Pricing.m in Sources */,
				70987C3D1CBBF07B00D86FBA /* GetStartedViewController.swift in Sources */,
				70AF1A2D1CE3C57500C0518C /* TextFilterViewController.swift in Sources */,
				707F48DD1D07A84900E82A4C /* SearchProductCollectionViewController.swift in Sources */,
				704FD3A31D83579C00CC8F9A /* AccountHomeViewController.swift in Sources */,
				70BE79BF1CFCFFD200AABE8A /* ErrorMessage.swift in Sources */,
				70B311B01D7CCE5100303D39 /* Variant.swift in Sources */,
				70D901B41D151DAC0078298B /* GlobalAlert.swift in Sources */,
				70987BEE1CB9658200D86FBA /* User.swift in Sources */,
				703143B61D7B8F410032D54F /* NotificationResponse.swift in Sources */,
				704FD3A71D84885600CC8F9A /* AccountHeaderCell.swift in Sources */,
				70488C541CE63C640085BAE9 /* ColorFilterViewController.swift in Sources */,
				70B311BF1D7D28BB00303D39 /* ProfileHeaderCell.swift in Sources */,
				703D463A1D15C21700AB25C0 /* OpenSourceViewController.swift in Sources */,
				70A71B9C1CC593D800B58B74 /* PickerAccessoryView.swift in Sources */,
				703D46431D16261900AB25C0 /* DeviceComparison.swift in Sources */,
				70EEEDBA1D57D65D0028F0DF /* ProductPatch.swift in Sources */,
				70776FD31CC8A9FF002E6F25 /* Localization.swift in Sources */,
				70D84A9F1CB9557300A70485 /* AppDelegate.swift in Sources */,
				70B311AE1D7CCDA700303D39 /* AltPrice.swift in Sources */,
				70D901A51D10FA220078298B /* Constants.swift in Sources */,
				70B311A61D7CC94A00303D39 /* Product.swift in Sources */,
			);
			runOnlyForDeploymentPostprocessing = 0;
		};
/* End PBXSourcesBuildPhase section */

/* Begin PBXVariantGroup section */
		70D84AA21CB9557300A70485 /* Main.storyboard */ = {
			isa = PBXVariantGroup;
			children = (
				70D84AA31CB9557300A70485 /* Base */,
			);
			name = Main.storyboard;
			sourceTree = "<group>";
		};
/* End PBXVariantGroup section */

/* Begin XCBuildConfiguration section */
		70D84AAB1CB9557300A70485 /* Debug */ = {
			isa = XCBuildConfiguration;
			buildSettings = {
				ALWAYS_SEARCH_USER_PATHS = NO;
				CLANG_ANALYZER_NONNULL = YES;
				CLANG_CXX_LANGUAGE_STANDARD = "gnu++0x";
				CLANG_CXX_LIBRARY = "libc++";
				CLANG_ENABLE_MODULES = YES;
				CLANG_ENABLE_OBJC_ARC = YES;
				CLANG_WARN_BOOL_CONVERSION = YES;
				CLANG_WARN_CONSTANT_CONVERSION = YES;
				CLANG_WARN_DIRECT_OBJC_ISA_USAGE = YES_ERROR;
				CLANG_WARN_EMPTY_BODY = YES;
				CLANG_WARN_ENUM_CONVERSION = YES;
				CLANG_WARN_INT_CONVERSION = YES;
				CLANG_WARN_OBJC_ROOT_CLASS = YES_ERROR;
				CLANG_WARN_UNREACHABLE_CODE = YES;
				CLANG_WARN__DUPLICATE_METHOD_MATCH = YES;
				"CODE_SIGN_IDENTITY[sdk=iphoneos*]" = "iPhone Developer";
				COPY_PHASE_STRIP = NO;
				DEBUG_INFORMATION_FORMAT = dwarf;
				ENABLE_STRICT_OBJC_MSGSEND = YES;
				ENABLE_TESTABILITY = YES;
				GCC_C_LANGUAGE_STANDARD = gnu99;
				GCC_DYNAMIC_NO_PIC = NO;
				GCC_NO_COMMON_BLOCKS = YES;
				GCC_OPTIMIZATION_LEVEL = 0;
				GCC_PREPROCESSOR_DEFINITIONS = (
					"DEBUG=1",
					"$(inherited)",
				);
				GCC_WARN_64_TO_32_BIT_CONVERSION = YES;
				GCC_WARN_ABOUT_RETURN_TYPE = YES_ERROR;
				GCC_WARN_UNDECLARED_SELECTOR = YES;
				GCC_WARN_UNINITIALIZED_AUTOS = YES_AGGRESSIVE;
				GCC_WARN_UNUSED_FUNCTION = YES;
				GCC_WARN_UNUSED_VARIABLE = YES;
				IPHONEOS_DEPLOYMENT_TARGET = 9.3;
				MTL_ENABLE_DEBUG_INFO = YES;
				ONLY_ACTIVE_ARCH = YES;
				SDKROOT = iphoneos;
				SWIFT_OPTIMIZATION_LEVEL = "-Onone";
				TARGETED_DEVICE_FAMILY = "1,2";
			};
			name = Debug;
		};
		70D84AAC1CB9557300A70485 /* Release */ = {
			isa = XCBuildConfiguration;
			buildSettings = {
				ALWAYS_SEARCH_USER_PATHS = NO;
				CLANG_ANALYZER_NONNULL = YES;
				CLANG_CXX_LANGUAGE_STANDARD = "gnu++0x";
				CLANG_CXX_LIBRARY = "libc++";
				CLANG_ENABLE_MODULES = YES;
				CLANG_ENABLE_OBJC_ARC = YES;
				CLANG_WARN_BOOL_CONVERSION = YES;
				CLANG_WARN_CONSTANT_CONVERSION = YES;
				CLANG_WARN_DIRECT_OBJC_ISA_USAGE = YES_ERROR;
				CLANG_WARN_EMPTY_BODY = YES;
				CLANG_WARN_ENUM_CONVERSION = YES;
				CLANG_WARN_INT_CONVERSION = YES;
				CLANG_WARN_OBJC_ROOT_CLASS = YES_ERROR;
				CLANG_WARN_UNREACHABLE_CODE = YES;
				CLANG_WARN__DUPLICATE_METHOD_MATCH = YES;
				"CODE_SIGN_IDENTITY[sdk=iphoneos*]" = "iPhone Developer";
				COPY_PHASE_STRIP = NO;
				DEBUG_INFORMATION_FORMAT = "dwarf-with-dsym";
				ENABLE_NS_ASSERTIONS = NO;
				ENABLE_STRICT_OBJC_MSGSEND = YES;
				GCC_C_LANGUAGE_STANDARD = gnu99;
				GCC_NO_COMMON_BLOCKS = YES;
				GCC_WARN_64_TO_32_BIT_CONVERSION = YES;
				GCC_WARN_ABOUT_RETURN_TYPE = YES_ERROR;
				GCC_WARN_UNDECLARED_SELECTOR = YES;
				GCC_WARN_UNINITIALIZED_AUTOS = YES_AGGRESSIVE;
				GCC_WARN_UNUSED_FUNCTION = YES;
				GCC_WARN_UNUSED_VARIABLE = YES;
				IPHONEOS_DEPLOYMENT_TARGET = 9.3;
				MTL_ENABLE_DEBUG_INFO = NO;
				SDKROOT = iphoneos;
				TARGETED_DEVICE_FAMILY = "1,2";
				VALIDATE_PRODUCT = YES;
			};
			name = Release;
		};
		70D84AAE1CB9557300A70485 /* Debug */ = {
			isa = XCBuildConfiguration;
			baseConfigurationReference = 2617CC4AE1CA59B7C7DFB253 /* Pods-Layers.debug.xcconfig */;
			buildSettings = {
				ASSETCATALOG_COMPILER_APPICON_NAME = AppIcon;
				ASSETCATALOG_COMPILER_LAUNCHIMAGE_NAME = LaunchImage;
				CLANG_ALLOW_NON_MODULAR_INCLUDES_IN_FRAMEWORK_MODULES = NO;
				CODE_SIGN_ENTITLEMENTS = Layers.entitlements;
				CODE_SIGN_IDENTITY = "iPhone Developer";
				DEBUG_INFORMATION_FORMAT = "dwarf-with-dsym";
				DEFINES_MODULE = YES;
				INFOPLIST_FILE = Layers/Info.plist;
				IPHONEOS_DEPLOYMENT_TARGET = 9.0;
				LD_RUNPATH_SEARCH_PATHS = "$(inherited) @executable_path/Frameworks";
				PRODUCT_BUNDLE_IDENTIFIER = com.layers.Layers;
				PRODUCT_NAME = "$(TARGET_NAME)";
				PROVISIONING_PROFILE = "6a30ec9f-351c-400d-b1a2-2f20bce223ab";
				SWIFT_OBJC_BRIDGING_HEADER = "Layers/Layers-BridgingHeader.h";
				TARGETED_DEVICE_FAMILY = 1;
			};
			name = Debug;
		};
		70D84AAF1CB9557300A70485 /* Release */ = {
			isa = XCBuildConfiguration;
			baseConfigurationReference = 3FCE59FA6B494AAB3C36EE8C /* Pods-Layers.release.xcconfig */;
			buildSettings = {
				ASSETCATALOG_COMPILER_APPICON_NAME = AppIcon;
				ASSETCATALOG_COMPILER_LAUNCHIMAGE_NAME = LaunchImage;
				CLANG_ALLOW_NON_MODULAR_INCLUDES_IN_FRAMEWORK_MODULES = NO;
				CODE_SIGN_ENTITLEMENTS = Layers.entitlements;
				CODE_SIGN_IDENTITY = "iPhone Developer";
				DEFINES_MODULE = YES;
				INFOPLIST_FILE = Layers/Info.plist;
				IPHONEOS_DEPLOYMENT_TARGET = 9.0;
				LD_RUNPATH_SEARCH_PATHS = "$(inherited) @executable_path/Frameworks";
				PRODUCT_BUNDLE_IDENTIFIER = com.layers.Layers;
				PRODUCT_NAME = "$(TARGET_NAME)";
				PROVISIONING_PROFILE = "8aa7aa7a-14f2-4855-a71d-d4af0d55f570";
				SWIFT_OBJC_BRIDGING_HEADER = "Layers/Layers-BridgingHeader.h";
				TARGETED_DEVICE_FAMILY = 1;
			};
			name = Release;
		};
/* End XCBuildConfiguration section */

/* Begin XCConfigurationList section */
		70D84A961CB9557200A70485 /* Build configuration list for PBXProject "Layers" */ = {
			isa = XCConfigurationList;
			buildConfigurations = (
				70D84AAB1CB9557300A70485 /* Debug */,
				70D84AAC1CB9557300A70485 /* Release */,
			);
			defaultConfigurationIsVisible = 0;
			defaultConfigurationName = Release;
		};
		70D84AAD1CB9557300A70485 /* Build configuration list for PBXNativeTarget "Layers" */ = {
			isa = XCConfigurationList;
			buildConfigurations = (
				70D84AAE1CB9557300A70485 /* Debug */,
				70D84AAF1CB9557300A70485 /* Release */,
			);
			defaultConfigurationIsVisible = 0;
			defaultConfigurationName = Release;
		};
/* End XCConfigurationList section */
	};
	rootObject = 70D84A931CB9557200A70485 /* Project object */;
}
