// !$*UTF8*$!
{
	archiveVersion = 1;
	classes = {
	};
	objectVersion = 46;
	objects = {

/* Begin PBXBuildFile section */
		35D2CA6AC9BC70A0D97C9B38 /* Pods_Layers.framework in Frameworks */ = {isa = PBXBuildFile; fileRef = C29055E7EACEA98F3107E42C /* Pods_Layers.framework */; };
		706FF8881CBC4EF8007B26AD /* LoginViewController.swift in Sources */ = {isa = PBXBuildFile; fileRef = 706FF8871CBC4EF8007B26AD /* LoginViewController.swift */; };
		706FF88A1CBC54F8007B26AD /* EmailLoginViewController.swift in Sources */ = {isa = PBXBuildFile; fileRef = 706FF8891CBC54F8007B26AD /* EmailLoginViewController.swift */; };
		706FF88C1CBC57D6007B26AD /* TextFieldCell.swift in Sources */ = {isa = PBXBuildFile; fileRef = 706FF88B1CBC57D6007B26AD /* TextFieldCell.swift */; };
		706FF88E1CBCBFC9007B26AD /* ClosetCell.swift in Sources */ = {isa = PBXBuildFile; fileRef = 706FF88D1CBCBFC9007B26AD /* ClosetCell.swift */; };
		706FF8911CBD6B6C007B26AD /* SizeCell.swift in Sources */ = {isa = PBXBuildFile; fileRef = 706FF8901CBD6B6C007B26AD /* SizeCell.swift */; };
		706FF8941CBD6B83007B26AD /* StyleCell.swift in Sources */ = {isa = PBXBuildFile; fileRef = 706FF8931CBD6B83007B26AD /* StyleCell.swift */; };
		706FF8961CBD6B95007B26AD /* PriceGraphCell.swift in Sources */ = {isa = PBXBuildFile; fileRef = 706FF8951CBD6B95007B26AD /* PriceGraphCell.swift */; };
		706FF8981CBD6E3E007B26AD /* OverallReviewCell.swift in Sources */ = {isa = PBXBuildFile; fileRef = 706FF8971CBD6E3E007B26AD /* OverallReviewCell.swift */; };
		706FF89A1CBD6E7A007B26AD /* AlternateReviewCell.swift in Sources */ = {isa = PBXBuildFile; fileRef = 706FF8991CBD6E7A007B26AD /* AlternateReviewCell.swift */; };
		706FF89C1CBD6E96007B26AD /* FeaturesCell.swift in Sources */ = {isa = PBXBuildFile; fileRef = 706FF89B1CBD6E96007B26AD /* FeaturesCell.swift */; };
		706FF89E1CBD82D2007B26AD /* ReviewsViewController.swift in Sources */ = {isa = PBXBuildFile; fileRef = 706FF89D1CBD82D2007B26AD /* ReviewsViewController.swift */; };
		706FF8A11CBD84EE007B26AD /* ReviewCell.swift in Sources */ = {isa = PBXBuildFile; fileRef = 706FF8A01CBD84EE007B26AD /* ReviewCell.swift */; };
		706FF8A31CBDF771007B26AD /* SimpleProductHeaderCell.swift in Sources */ = {isa = PBXBuildFile; fileRef = 706FF8A21CBDF771007B26AD /* SimpleProductHeaderCell.swift */; };
		70987BE51CB95B4F00D86FBA /* AppStateTransitioner.swift in Sources */ = {isa = PBXBuildFile; fileRef = 70987BE41CB95B4F00D86FBA /* AppStateTransitioner.swift */; };
		70987BEA1CB95F1900D86FBA /* ProductCollectionViewController.swift in Sources */ = {isa = PBXBuildFile; fileRef = 70987BE91CB95F1900D86FBA /* ProductCollectionViewController.swift */; };
		70987BEC1CB9657900D86FBA /* Product.swift in Sources */ = {isa = PBXBuildFile; fileRef = 70987BEB1CB9657900D86FBA /* Product.swift */; };
		70987BEE1CB9658200D86FBA /* User.swift in Sources */ = {isa = PBXBuildFile; fileRef = 70987BED1CB9658200D86FBA /* User.swift */; };
		70987BF11CB9672200D86FBA /* ProductCell.swift in Sources */ = {isa = PBXBuildFile; fileRef = 70987BF01CB9672200D86FBA /* ProductCell.swift */; };
		70987BF51CB970CA00D86FBA /* LRSessionManager.swift in Sources */ = {isa = PBXBuildFile; fileRef = 70987BF41CB970CA00D86FBA /* LRSessionManager.swift */; };
		70987BFA1CB9749700D86FBA /* Color.swift in Sources */ = {isa = PBXBuildFile; fileRef = 70987BF91CB9749700D86FBA /* Color.swift */; };
		70987BFC1CB97A9900D86FBA /* LRWindow.swift in Sources */ = {isa = PBXBuildFile; fileRef = 70987BFB1CB97A9900D86FBA /* LRWindow.swift */; };
		70987C051CB980B300D86FBA /* Oxygen-Bold.ttf in Resources */ = {isa = PBXBuildFile; fileRef = 70987C021CB980B300D86FBA /* Oxygen-Bold.ttf */; };
		70987C061CB980B300D86FBA /* Oxygen-Light.ttf in Resources */ = {isa = PBXBuildFile; fileRef = 70987C031CB980B300D86FBA /* Oxygen-Light.ttf */; };
		70987C071CB980B300D86FBA /* Oxygen-Regular.ttf in Resources */ = {isa = PBXBuildFile; fileRef = 70987C041CB980B300D86FBA /* Oxygen-Regular.ttf */; };
		70987C0F1CB9832E00D86FBA /* Charter-Black.ttf in Resources */ = {isa = PBXBuildFile; fileRef = 70987C091CB9832D00D86FBA /* Charter-Black.ttf */; };
		70987C111CB9832E00D86FBA /* Charter-Bold.ttf in Resources */ = {isa = PBXBuildFile; fileRef = 70987C0B1CB9832E00D86FBA /* Charter-Bold.ttf */; };
		70987C141CB9832E00D86FBA /* Charter-Roman.ttf in Resources */ = {isa = PBXBuildFile; fileRef = 70987C0E1CB9832E00D86FBA /* Charter-Roman.ttf */; };
		70987C171CB985DE00D86FBA /* Font.swift in Sources */ = {isa = PBXBuildFile; fileRef = 70987C161CB985DE00D86FBA /* Font.swift */; };
		70987C1B1CB98A7700D86FBA /* NSAttributedString+Pricing.m in Sources */ = {isa = PBXBuildFile; fileRef = 70987C1A1CB98A7700D86FBA /* NSAttributedString+Pricing.m */; };
		70987C211CB9A44000D86FBA /* Closet.storyboard in Resources */ = {isa = PBXBuildFile; fileRef = 70987C201CB9A43F00D86FBA /* Closet.storyboard */; };
		70987C251CB9A47600D86FBA /* ClosetViewController.swift in Sources */ = {isa = PBXBuildFile; fileRef = 70987C241CB9A47600D86FBA /* ClosetViewController.swift */; };
		70987C281CB9A4A500D86FBA /* Account.storyboard in Resources */ = {isa = PBXBuildFile; fileRef = 70987C271CB9A4A500D86FBA /* Account.storyboard */; };
		70987C2A1CB9A4BF00D86FBA /* AccountViewController.swift in Sources */ = {isa = PBXBuildFile; fileRef = 70987C291CB9A4BF00D86FBA /* AccountViewController.swift */; };
		70987C2E1CB9A81C00D86FBA /* LRNavigationBar.swift in Sources */ = {isa = PBXBuildFile; fileRef = 70987C2D1CB9A81C00D86FBA /* LRNavigationBar.swift */; };
		70987C301CB9B4E400D86FBA /* ProductViewController.swift in Sources */ = {isa = PBXBuildFile; fileRef = 70987C2F1CB9B4E400D86FBA /* ProductViewController.swift */; };
		70987C331CB9CA1300D86FBA /* ProductHeaderCell.swift in Sources */ = {isa = PBXBuildFile; fileRef = 70987C321CB9CA1300D86FBA /* ProductHeaderCell.swift */; };
		70987C371CB9D15100D86FBA /* Login.storyboard in Resources */ = {isa = PBXBuildFile; fileRef = 70987C361CB9D15100D86FBA /* Login.storyboard */; };
		70987C3B1CBAB4BF00D86FBA /* SimpleWebViewController.swift in Sources */ = {isa = PBXBuildFile; fileRef = 70987C3A1CBAB4BF00D86FBA /* SimpleWebViewController.swift */; };
		70987C3D1CBBF07B00D86FBA /* GetStartedViewController.swift in Sources */ = {isa = PBXBuildFile; fileRef = 70987C3C1CBBF07B00D86FBA /* GetStartedViewController.swift */; };
		70D84A9F1CB9557300A70485 /* AppDelegate.swift in Sources */ = {isa = PBXBuildFile; fileRef = 70D84A9E1CB9557300A70485 /* AppDelegate.swift */; };
		70D84AA41CB9557300A70485 /* Main.storyboard in Resources */ = {isa = PBXBuildFile; fileRef = 70D84AA21CB9557300A70485 /* Main.storyboard */; };
		70D84AA61CB9557300A70485 /* Assets.xcassets in Resources */ = {isa = PBXBuildFile; fileRef = 70D84AA51CB9557300A70485 /* Assets.xcassets */; };
		70D84AA91CB9557300A70485 /* LaunchScreen.storyboard in Resources */ = {isa = PBXBuildFile; fileRef = 70D84AA71CB9557300A70485 /* LaunchScreen.storyboard */; };
/* End PBXBuildFile section */

/* Begin PBXFileReference section */
		2617CC4AE1CA59B7C7DFB253 /* Pods-Layers.debug.xcconfig */ = {isa = PBXFileReference; includeInIndex = 1; lastKnownFileType = text.xcconfig; name = "Pods-Layers.debug.xcconfig"; path = "Pods/Target Support Files/Pods-Layers/Pods-Layers.debug.xcconfig"; sourceTree = "<group>"; };
		3FCE59FA6B494AAB3C36EE8C /* Pods-Layers.release.xcconfig */ = {isa = PBXFileReference; includeInIndex = 1; lastKnownFileType = text.xcconfig; name = "Pods-Layers.release.xcconfig"; path = "Pods/Target Support Files/Pods-Layers/Pods-Layers.release.xcconfig"; sourceTree = "<group>"; };
		706FF8871CBC4EF8007B26AD /* LoginViewController.swift */ = {isa = PBXFileReference; fileEncoding = 4; lastKnownFileType = sourcecode.swift; path = LoginViewController.swift; sourceTree = "<group>"; };
		706FF8891CBC54F8007B26AD /* EmailLoginViewController.swift */ = {isa = PBXFileReference; fileEncoding = 4; lastKnownFileType = sourcecode.swift; path = EmailLoginViewController.swift; sourceTree = "<group>"; };
		706FF88B1CBC57D6007B26AD /* TextFieldCell.swift */ = {isa = PBXFileReference; fileEncoding = 4; lastKnownFileType = sourcecode.swift; path = TextFieldCell.swift; sourceTree = "<group>"; };
		706FF88D1CBCBFC9007B26AD /* ClosetCell.swift */ = {isa = PBXFileReference; fileEncoding = 4; lastKnownFileType = sourcecode.swift; path = ClosetCell.swift; sourceTree = "<group>"; };
		706FF8901CBD6B6C007B26AD /* SizeCell.swift */ = {isa = PBXFileReference; fileEncoding = 4; lastKnownFileType = sourcecode.swift; path = SizeCell.swift; sourceTree = "<group>"; };
		706FF8931CBD6B83007B26AD /* StyleCell.swift */ = {isa = PBXFileReference; fileEncoding = 4; lastKnownFileType = sourcecode.swift; path = StyleCell.swift; sourceTree = "<group>"; };
		706FF8951CBD6B95007B26AD /* PriceGraphCell.swift */ = {isa = PBXFileReference; fileEncoding = 4; lastKnownFileType = sourcecode.swift; path = PriceGraphCell.swift; sourceTree = "<group>"; };
		706FF8971CBD6E3E007B26AD /* OverallReviewCell.swift */ = {isa = PBXFileReference; fileEncoding = 4; lastKnownFileType = sourcecode.swift; path = OverallReviewCell.swift; sourceTree = "<group>"; };
		706FF8991CBD6E7A007B26AD /* AlternateReviewCell.swift */ = {isa = PBXFileReference; fileEncoding = 4; lastKnownFileType = sourcecode.swift; path = AlternateReviewCell.swift; sourceTree = "<group>"; };
		706FF89B1CBD6E96007B26AD /* FeaturesCell.swift */ = {isa = PBXFileReference; fileEncoding = 4; lastKnownFileType = sourcecode.swift; path = FeaturesCell.swift; sourceTree = "<group>"; };
		706FF89D1CBD82D2007B26AD /* ReviewsViewController.swift */ = {isa = PBXFileReference; fileEncoding = 4; lastKnownFileType = sourcecode.swift; path = ReviewsViewController.swift; sourceTree = "<group>"; };
		706FF8A01CBD84EE007B26AD /* ReviewCell.swift */ = {isa = PBXFileReference; fileEncoding = 4; lastKnownFileType = sourcecode.swift; path = ReviewCell.swift; sourceTree = "<group>"; };
		706FF8A21CBDF771007B26AD /* SimpleProductHeaderCell.swift */ = {isa = PBXFileReference; fileEncoding = 4; lastKnownFileType = sourcecode.swift; path = SimpleProductHeaderCell.swift; sourceTree = "<group>"; };
		70987BE41CB95B4F00D86FBA /* AppStateTransitioner.swift */ = {isa = PBXFileReference; fileEncoding = 4; lastKnownFileType = sourcecode.swift; path = AppStateTransitioner.swift; sourceTree = "<group>"; };
		70987BE91CB95F1900D86FBA /* ProductCollectionViewController.swift */ = {isa = PBXFileReference; fileEncoding = 4; lastKnownFileType = sourcecode.swift; path = ProductCollectionViewController.swift; sourceTree = "<group>"; };
		70987BEB1CB9657900D86FBA /* Product.swift */ = {isa = PBXFileReference; fileEncoding = 4; lastKnownFileType = sourcecode.swift; path = Product.swift; sourceTree = "<group>"; };
		70987BED1CB9658200D86FBA /* User.swift */ = {isa = PBXFileReference; fileEncoding = 4; lastKnownFileType = sourcecode.swift; path = User.swift; sourceTree = "<group>"; };
		70987BF01CB9672200D86FBA /* ProductCell.swift */ = {isa = PBXFileReference; fileEncoding = 4; lastKnownFileType = sourcecode.swift; path = ProductCell.swift; sourceTree = "<group>"; };
		70987BF41CB970CA00D86FBA /* LRSessionManager.swift */ = {isa = PBXFileReference; fileEncoding = 4; lastKnownFileType = sourcecode.swift; path = LRSessionManager.swift; sourceTree = "<group>"; };
		70987BF91CB9749700D86FBA /* Color.swift */ = {isa = PBXFileReference; fileEncoding = 4; lastKnownFileType = sourcecode.swift; path = Color.swift; sourceTree = "<group>"; };
		70987BFB1CB97A9900D86FBA /* LRWindow.swift */ = {isa = PBXFileReference; fileEncoding = 4; lastKnownFileType = sourcecode.swift; path = LRWindow.swift; sourceTree = "<group>"; };
		70987C021CB980B300D86FBA /* Oxygen-Bold.ttf */ = {isa = PBXFileReference; lastKnownFileType = file; path = "Oxygen-Bold.ttf"; sourceTree = "<group>"; };
		70987C031CB980B300D86FBA /* Oxygen-Light.ttf */ = {isa = PBXFileReference; lastKnownFileType = file; path = "Oxygen-Light.ttf"; sourceTree = "<group>"; };
		70987C041CB980B300D86FBA /* Oxygen-Regular.ttf */ = {isa = PBXFileReference; lastKnownFileType = file; path = "Oxygen-Regular.ttf"; sourceTree = "<group>"; };
		70987C091CB9832D00D86FBA /* Charter-Black.ttf */ = {isa = PBXFileReference; lastKnownFileType = file; path = "Charter-Black.ttf"; sourceTree = "<group>"; };
		70987C0B1CB9832E00D86FBA /* Charter-Bold.ttf */ = {isa = PBXFileReference; lastKnownFileType = file; path = "Charter-Bold.ttf"; sourceTree = "<group>"; };
		70987C0E1CB9832E00D86FBA /* Charter-Roman.ttf */ = {isa = PBXFileReference; lastKnownFileType = file; path = "Charter-Roman.ttf"; sourceTree = "<group>"; };
		70987C161CB985DE00D86FBA /* Font.swift */ = {isa = PBXFileReference; fileEncoding = 4; lastKnownFileType = sourcecode.swift; path = Font.swift; sourceTree = "<group>"; };
		70987C181CB98A3300D86FBA /* Layers-BridgingHeader.h */ = {isa = PBXFileReference; fileEncoding = 4; lastKnownFileType = sourcecode.c.h; path = "Layers-BridgingHeader.h"; sourceTree = "<group>"; };
		70987C191CB98A7700D86FBA /* NSAttributedString+Pricing.h */ = {isa = PBXFileReference; fileEncoding = 4; lastKnownFileType = sourcecode.c.h; path = "NSAttributedString+Pricing.h"; sourceTree = "<group>"; };
		70987C1A1CB98A7700D86FBA /* NSAttributedString+Pricing.m */ = {isa = PBXFileReference; fileEncoding = 4; lastKnownFileType = sourcecode.c.objc; path = "NSAttributedString+Pricing.m"; sourceTree = "<group>"; };
		70987C201CB9A43F00D86FBA /* Closet.storyboard */ = {isa = PBXFileReference; fileEncoding = 4; lastKnownFileType = file.storyboard; path = Closet.storyboard; sourceTree = "<group>"; };
		70987C241CB9A47600D86FBA /* ClosetViewController.swift */ = {isa = PBXFileReference; fileEncoding = 4; lastKnownFileType = sourcecode.swift; path = ClosetViewController.swift; sourceTree = "<group>"; };
		70987C271CB9A4A500D86FBA /* Account.storyboard */ = {isa = PBXFileReference; fileEncoding = 4; lastKnownFileType = file.storyboard; path = Account.storyboard; sourceTree = "<group>"; };
		70987C291CB9A4BF00D86FBA /* AccountViewController.swift */ = {isa = PBXFileReference; fileEncoding = 4; lastKnownFileType = sourcecode.swift; path = AccountViewController.swift; sourceTree = "<group>"; };
		70987C2D1CB9A81C00D86FBA /* LRNavigationBar.swift */ = {isa = PBXFileReference; fileEncoding = 4; lastKnownFileType = sourcecode.swift; path = LRNavigationBar.swift; sourceTree = "<group>"; };
		70987C2F1CB9B4E400D86FBA /* ProductViewController.swift */ = {isa = PBXFileReference; fileEncoding = 4; lastKnownFileType = sourcecode.swift; path = ProductViewController.swift; sourceTree = "<group>"; };
		70987C321CB9CA1300D86FBA /* ProductHeaderCell.swift */ = {isa = PBXFileReference; fileEncoding = 4; lastKnownFileType = sourcecode.swift; path = ProductHeaderCell.swift; sourceTree = "<group>"; };
		70987C361CB9D15100D86FBA /* Login.storyboard */ = {isa = PBXFileReference; fileEncoding = 4; lastKnownFileType = file.storyboard; path = Login.storyboard; sourceTree = "<group>"; };
		70987C3A1CBAB4BF00D86FBA /* SimpleWebViewController.swift */ = {isa = PBXFileReference; fileEncoding = 4; lastKnownFileType = sourcecode.swift; path = SimpleWebViewController.swift; sourceTree = "<group>"; };
		70987C3C1CBBF07B00D86FBA /* GetStartedViewController.swift */ = {isa = PBXFileReference; fileEncoding = 4; lastKnownFileType = sourcecode.swift; path = GetStartedViewController.swift; sourceTree = "<group>"; };
		70D84A9B1CB9557200A70485 /* Layers.app */ = {isa = PBXFileReference; explicitFileType = wrapper.application; includeInIndex = 0; path = Layers.app; sourceTree = BUILT_PRODUCTS_DIR; };
		70D84A9E1CB9557300A70485 /* AppDelegate.swift */ = {isa = PBXFileReference; lastKnownFileType = sourcecode.swift; path = AppDelegate.swift; sourceTree = "<group>"; };
		70D84AA31CB9557300A70485 /* Base */ = {isa = PBXFileReference; lastKnownFileType = file.storyboard; name = Base; path = Base.lproj/Main.storyboard; sourceTree = "<group>"; };
		70D84AA51CB9557300A70485 /* Assets.xcassets */ = {isa = PBXFileReference; lastKnownFileType = folder.assetcatalog; path = Assets.xcassets; sourceTree = "<group>"; };
		70D84AA81CB9557300A70485 /* Base */ = {isa = PBXFileReference; lastKnownFileType = file.storyboard; name = Base; path = Base.lproj/LaunchScreen.storyboard; sourceTree = "<group>"; };
		70D84AAA1CB9557300A70485 /* Info.plist */ = {isa = PBXFileReference; lastKnownFileType = text.plist.xml; path = Info.plist; sourceTree = "<group>"; };
		C29055E7EACEA98F3107E42C /* Pods_Layers.framework */ = {isa = PBXFileReference; explicitFileType = wrapper.framework; includeInIndex = 0; path = Pods_Layers.framework; sourceTree = BUILT_PRODUCTS_DIR; };
/* End PBXFileReference section */

/* Begin PBXFrameworksBuildPhase section */
		70D84A981CB9557200A70485 /* Frameworks */ = {
			isa = PBXFrameworksBuildPhase;
			buildActionMask = 2147483647;
			files = (
				35D2CA6AC9BC70A0D97C9B38 /* Pods_Layers.framework in Frameworks */,
			);
			runOnlyForDeploymentPostprocessing = 0;
		};
/* End PBXFrameworksBuildPhase section */

/* Begin PBXGroup section */
		18382FE24C97633ECC26B812 /* Frameworks */ = {
			isa = PBXGroup;
			children = (
				C29055E7EACEA98F3107E42C /* Pods_Layers.framework */,
			);
			name = Frameworks;
			sourceTree = "<group>";
		};
		706FF88F1CBD6A02007B26AD /* Cells */ = {
			isa = PBXGroup;
			children = (
				70987C321CB9CA1300D86FBA /* ProductHeaderCell.swift */,
				706FF8901CBD6B6C007B26AD /* SizeCell.swift */,
				706FF8931CBD6B83007B26AD /* StyleCell.swift */,
				706FF8951CBD6B95007B26AD /* PriceGraphCell.swift */,
				706FF8971CBD6E3E007B26AD /* OverallReviewCell.swift */,
				706FF8991CBD6E7A007B26AD /* AlternateReviewCell.swift */,
				706FF89B1CBD6E96007B26AD /* FeaturesCell.swift */,
			);
			name = Cells;
			sourceTree = "<group>";
		};
		706FF89F1CBD84DA007B26AD /* Reviews */ = {
			isa = PBXGroup;
			children = (
				706FF89D1CBD82D2007B26AD /* ReviewsViewController.swift */,
				706FF8A21CBDF771007B26AD /* SimpleProductHeaderCell.swift */,
				706FF8A01CBD84EE007B26AD /* ReviewCell.swift */,
			);
			name = Reviews;
			sourceTree = "<group>";
		};
		70987BE61CB95E9E00D86FBA /* App State Transitioner */ = {
			isa = PBXGroup;
			children = (
				70987BE41CB95B4F00D86FBA /* AppStateTransitioner.swift */,
			);
			name = "App State Transitioner";
			sourceTree = "<group>";
		};
		70987BEF1CB9658700D86FBA /* Data Model */ = {
			isa = PBXGroup;
			children = (
				70987BEB1CB9657900D86FBA /* Product.swift */,
				70987BED1CB9658200D86FBA /* User.swift */,
			);
			name = "Data Model";
			sourceTree = "<group>";
		};
		70987BF21CB9705C00D86FBA /* Product Collection */ = {
			isa = PBXGroup;
			children = (
				70987BE91CB95F1900D86FBA /* ProductCollectionViewController.swift */,
				70987BF01CB9672200D86FBA /* ProductCell.swift */,
				70987C311CB9C9FC00D86FBA /* Product Detail */,
			);
			name = "Product Collection";
			sourceTree = "<group>";
		};
		70987BF31CB9706200D86FBA /* View Controllers */ = {
			isa = PBXGroup;
			children = (
				70987C361CB9D15100D86FBA /* Login.storyboard */,
				70D84AA21CB9557300A70485 /* Main.storyboard */,
				70987C201CB9A43F00D86FBA /* Closet.storyboard */,
				70987C271CB9A4A500D86FBA /* Account.storyboard */,
				70987C3E1CBBF07F00D86FBA /* Login */,
				70987BF21CB9705C00D86FBA /* Product Collection */,
				70987C261CB9A49100D86FBA /* Closet */,
				70987C2B1CB9A4C200D86FBA /* Account */,
			);
			name = "View Controllers";
			sourceTree = "<group>";
		};
		70987BF61CB9740100D86FBA /* Colors & Fonts */ = {
			isa = PBXGroup;
			children = (
				70987C011CB9806200D86FBA /* Colors */,
				70987C001CB9805500D86FBA /* Fonts */,
			);
			name = "Colors & Fonts";
			sourceTree = "<group>";
		};
		70987BFD1CB97ABE00D86FBA /* LRWindow */ = {
			isa = PBXGroup;
			children = (
				70987BFB1CB97A9900D86FBA /* LRWindow.swift */,
			);
			name = LRWindow;
			sourceTree = "<group>";
		};
		70987BFE1CB97AC300D86FBA /* Utilities */ = {
			isa = PBXGroup;
			children = (
				70987C1C1CB98A7B00D86FBA /* NSAttributedString+Pricing */,
				70987BFD1CB97ABE00D86FBA /* LRWindow */,
			);
			name = Utilities;
			sourceTree = "<group>";
		};
		70987BFF1CB9804C00D86FBA /* Resources */ = {
			isa = PBXGroup;
			children = (
				70987C151CB9835100D86FBA /* Charter */,
				70987C081CB980B800D86FBA /* Oxygen */,
			);
			name = Resources;
			sourceTree = "<group>";
		};
		70987C001CB9805500D86FBA /* Fonts */ = {
			isa = PBXGroup;
			children = (
				70987C161CB985DE00D86FBA /* Font.swift */,
				70987BFF1CB9804C00D86FBA /* Resources */,
			);
			name = Fonts;
			sourceTree = "<group>";
		};
		70987C011CB9806200D86FBA /* Colors */ = {
			isa = PBXGroup;
			children = (
				70987BF91CB9749700D86FBA /* Color.swift */,
			);
			name = Colors;
			sourceTree = "<group>";
		};
		70987C081CB980B800D86FBA /* Oxygen */ = {
			isa = PBXGroup;
			children = (
				70987C021CB980B300D86FBA /* Oxygen-Bold.ttf */,
				70987C031CB980B300D86FBA /* Oxygen-Light.ttf */,
				70987C041CB980B300D86FBA /* Oxygen-Regular.ttf */,
			);
			name = Oxygen;
			sourceTree = "<group>";
		};
		70987C151CB9835100D86FBA /* Charter */ = {
			isa = PBXGroup;
			children = (
				70987C091CB9832D00D86FBA /* Charter-Black.ttf */,
				70987C0B1CB9832E00D86FBA /* Charter-Bold.ttf */,
				70987C0E1CB9832E00D86FBA /* Charter-Roman.ttf */,
			);
			name = Charter;
			sourceTree = "<group>";
		};
		70987C1C1CB98A7B00D86FBA /* NSAttributedString+Pricing */ = {
			isa = PBXGroup;
			children = (
				70987C191CB98A7700D86FBA /* NSAttributedString+Pricing.h */,
				70987C1A1CB98A7700D86FBA /* NSAttributedString+Pricing.m */,
			);
			name = "NSAttributedString+Pricing";
			sourceTree = "<group>";
		};
		70987C261CB9A49100D86FBA /* Closet */ = {
			isa = PBXGroup;
			children = (
				70987C241CB9A47600D86FBA /* ClosetViewController.swift */,
				706FF88D1CBCBFC9007B26AD /* ClosetCell.swift */,
			);
			name = Closet;
			sourceTree = "<group>";
		};
		70987C2B1CB9A4C200D86FBA /* Account */ = {
			isa = PBXGroup;
			children = (
				70987C291CB9A4BF00D86FBA /* AccountViewController.swift */,
				70987C3A1CBAB4BF00D86FBA /* SimpleWebViewController.swift */,
			);
			name = Account;
			sourceTree = "<group>";
		};
		70987C2C1CB9A4FB00D86FBA /* Session Manager / Data Layer */ = {
			isa = PBXGroup;
			children = (
				70987BF41CB970CA00D86FBA /* LRSessionManager.swift */,
				70987BEF1CB9658700D86FBA /* Data Model */,
			);
			name = "Session Manager / Data Layer";
			sourceTree = "<group>";
		};
		70987C311CB9C9FC00D86FBA /* Product Detail */ = {
			isa = PBXGroup;
			children = (
				70987C2F1CB9B4E400D86FBA /* ProductViewController.swift */,
				706FF88F1CBD6A02007B26AD /* Cells */,
				706FF89F1CBD84DA007B26AD /* Reviews */,
			);
			name = "Product Detail";
			sourceTree = "<group>";
		};
		70987C3E1CBBF07F00D86FBA /* Login */ = {
			isa = PBXGroup;
			children = (
				70987C3C1CBBF07B00D86FBA /* GetStartedViewController.swift */,
				706FF8871CBC4EF8007B26AD /* LoginViewController.swift */,
				706FF8891CBC54F8007B26AD /* EmailLoginViewController.swift */,
				706FF88B1CBC57D6007B26AD /* TextFieldCell.swift */,
			);
			name = Login;
			sourceTree = "<group>";
		};
		70D84A921CB9557200A70485 = {
			isa = PBXGroup;
			children = (
				70D84A9D1CB9557300A70485 /* Layers */,
				70D84A9C1CB9557200A70485 /* Products */,
				C4EC2D873913FC477A8BD06D /* Pods */,
				18382FE24C97633ECC26B812 /* Frameworks */,
			);
			sourceTree = "<group>";
		};
		70D84A9C1CB9557200A70485 /* Products */ = {
			isa = PBXGroup;
			children = (
				70D84A9B1CB9557200A70485 /* Layers.app */,
			);
			name = Products;
			sourceTree = "<group>";
		};
		70D84A9D1CB9557300A70485 /* Layers */ = {
			isa = PBXGroup;
			children = (
				70D84A9E1CB9557300A70485 /* AppDelegate.swift */,
				70987C2D1CB9A81C00D86FBA /* LRNavigationBar.swift */,
				70987BFE1CB97AC300D86FBA /* Utilities */,
				70987BF61CB9740100D86FBA /* Colors & Fonts */,
				70987BE61CB95E9E00D86FBA /* App State Transitioner */,
				70987C2C1CB9A4FB00D86FBA /* Session Manager / Data Layer */,
				70987BF31CB9706200D86FBA /* View Controllers */,
				70D84AA51CB9557300A70485 /* Assets.xcassets */,
				70D84AA71CB9557300A70485 /* LaunchScreen.storyboard */,
				70D84AAA1CB9557300A70485 /* Info.plist */,
				70987C181CB98A3300D86FBA /* Layers-BridgingHeader.h */,
			);
			path = Layers;
			sourceTree = "<group>";
		};
		C4EC2D873913FC477A8BD06D /* Pods */ = {
			isa = PBXGroup;
			children = (
				2617CC4AE1CA59B7C7DFB253 /* Pods-Layers.debug.xcconfig */,
				3FCE59FA6B494AAB3C36EE8C /* Pods-Layers.release.xcconfig */,
			);
			name = Pods;
			sourceTree = "<group>";
		};
/* End PBXGroup section */

/* Begin PBXNativeTarget section */
		70D84A9A1CB9557200A70485 /* Layers */ = {
			isa = PBXNativeTarget;
			buildConfigurationList = 70D84AAD1CB9557300A70485 /* Build configuration list for PBXNativeTarget "Layers" */;
			buildPhases = (
				A34BDF9E3D8CA4A0F4052948 /* Check Pods Manifest.lock */,
				70D84A971CB9557200A70485 /* Sources */,
				70D84A981CB9557200A70485 /* Frameworks */,
				70D84A991CB9557200A70485 /* Resources */,
				BC222FEF670F8C99C7C14B7C /* Embed Pods Frameworks */,
				8FFF9DBF607F77DEE0D5153B /* Copy Pods Resources */,
				70987C1E1CB99C7700D86FBA /* Increment Build Number Script */,
			);
			buildRules = (
			);
			dependencies = (
			);
			name = Layers;
			productName = Layers;
			productReference = 70D84A9B1CB9557200A70485 /* Layers.app */;
			productType = "com.apple.product-type.application";
		};
/* End PBXNativeTarget section */

/* Begin PBXProject section */
		70D84A931CB9557200A70485 /* Project object */ = {
			isa = PBXProject;
			attributes = {
				LastSwiftUpdateCheck = 0730;
				LastUpgradeCheck = 0730;
				ORGANIZATIONNAME = Layers;
				TargetAttributes = {
					70D84A9A1CB9557200A70485 = {
						CreatedOnToolsVersion = 7.3;
					};
				};
			};
			buildConfigurationList = 70D84A961CB9557200A70485 /* Build configuration list for PBXProject "Layers" */;
			compatibilityVersion = "Xcode 3.2";
			developmentRegion = English;
			hasScannedForEncodings = 0;
			knownRegions = (
				en,
				Base,
			);
			mainGroup = 70D84A921CB9557200A70485;
			productRefGroup = 70D84A9C1CB9557200A70485 /* Products */;
			projectDirPath = "";
			projectRoot = "";
			targets = (
				70D84A9A1CB9557200A70485 /* Layers */,
			);
		};
/* End PBXProject section */

/* Begin PBXResourcesBuildPhase section */
		70D84A991CB9557200A70485 /* Resources */ = {
			isa = PBXResourcesBuildPhase;
			buildActionMask = 2147483647;
			files = (
				70987C141CB9832E00D86FBA /* Charter-Roman.ttf in Resources */,
				70D84AA91CB9557300A70485 /* LaunchScreen.storyboard in Resources */,
				70D84AA61CB9557300A70485 /* Assets.xcassets in Resources */,
				70D84AA41CB9557300A70485 /* Main.storyboard in Resources */,
				70987C211CB9A44000D86FBA /* Closet.storyboard in Resources */,
				70987C0F1CB9832E00D86FBA /* Charter-Black.ttf in Resources */,
				70987C281CB9A4A500D86FBA /* Account.storyboard in Resources */,
				70987C071CB980B300D86FBA /* Oxygen-Regular.ttf in Resources */,
				70987C371CB9D15100D86FBA /* Login.storyboard in Resources */,
				70987C051CB980B300D86FBA /* Oxygen-Bold.ttf in Resources */,
				70987C111CB9832E00D86FBA /* Charter-Bold.ttf in Resources */,
				70987C061CB980B300D86FBA /* Oxygen-Light.ttf in Resources */,
			);
			runOnlyForDeploymentPostprocessing = 0;
		};
/* End PBXResourcesBuildPhase section */

/* Begin PBXShellScriptBuildPhase section */
		70987C1E1CB99C7700D86FBA /* Increment Build Number Script */ = {
			isa = PBXShellScriptBuildPhase;
			buildActionMask = 2147483647;
			files = (
			);
			inputPaths = (
			);
			name = "Increment Build Number Script";
			outputPaths = (
			);
			runOnlyForDeploymentPostprocessing = 0;
			shellPath = /bin/sh;
			shellScript = "#!/bin/bash\nbuildNumber=$(/usr/libexec/PlistBuddy -c \"Print CFBundleVersion\" \"$INFOPLIST_FILE\")\nbuildNumber=$(($buildNumber + 1))\n/usr/libexec/PlistBuddy -c \"Set :CFBundleVersion $buildNumber\" \"$INFOPLIST_FILE\"";
		};
		8FFF9DBF607F77DEE0D5153B /* Copy Pods Resources */ = {
			isa = PBXShellScriptBuildPhase;
			buildActionMask = 2147483647;
			files = (
			);
			inputPaths = (
			);
			name = "Copy Pods Resources";
			outputPaths = (
			);
			runOnlyForDeploymentPostprocessing = 0;
			shellPath = /bin/sh;
			shellScript = "\"${SRCROOT}/Pods/Target Support Files/Pods-Layers/Pods-Layers-resources.sh\"\n";
			showEnvVarsInLog = 0;
		};
		A34BDF9E3D8CA4A0F4052948 /* Check Pods Manifest.lock */ = {
			isa = PBXShellScriptBuildPhase;
			buildActionMask = 2147483647;
			files = (
			);
			inputPaths = (
			);
			name = "Check Pods Manifest.lock";
			outputPaths = (
			);
			runOnlyForDeploymentPostprocessing = 0;
			shellPath = /bin/sh;
			shellScript = "diff \"${PODS_ROOT}/../Podfile.lock\" \"${PODS_ROOT}/Manifest.lock\" > /dev/null\nif [[ $? != 0 ]] ; then\n    cat << EOM\nerror: The sandbox is not in sync with the Podfile.lock. Run 'pod install' or update your CocoaPods installation.\nEOM\n    exit 1\nfi\n";
			showEnvVarsInLog = 0;
		};
		BC222FEF670F8C99C7C14B7C /* Embed Pods Frameworks */ = {
			isa = PBXShellScriptBuildPhase;
			buildActionMask = 2147483647;
			files = (
			);
			inputPaths = (
			);
			name = "Embed Pods Frameworks";
			outputPaths = (
			);
			runOnlyForDeploymentPostprocessing = 0;
			shellPath = /bin/sh;
			shellScript = "\"${SRCROOT}/Pods/Target Support Files/Pods-Layers/Pods-Layers-frameworks.sh\"\n";
			showEnvVarsInLog = 0;
		};
/* End PBXShellScriptBuildPhase section */

/* Begin PBXSourcesBuildPhase section */
		70D84A971CB9557200A70485 /* Sources */ = {
			isa = PBXSourcesBuildPhase;
			buildActionMask = 2147483647;
			files = (
				706FF89A1CBD6E7A007B26AD /* AlternateReviewCell.swift in Sources */,
				706FF8A11CBD84EE007B26AD /* ReviewCell.swift in Sources */,
				70987BE51CB95B4F00D86FBA /* AppStateTransitioner.swift in Sources */,
				70987BF51CB970CA00D86FBA /* LRSessionManager.swift in Sources */,
				70987C2A1CB9A4BF00D86FBA /* AccountViewController.swift in Sources */,
				70987C301CB9B4E400D86FBA /* ProductViewController.swift in Sources */,
				706FF8881CBC4EF8007B26AD /* LoginViewController.swift in Sources */,
				706FF88C1CBC57D6007B26AD /* TextFieldCell.swift in Sources */,
				706FF88A1CBC54F8007B26AD /* EmailLoginViewController.swift in Sources */,
				70987C251CB9A47600D86FBA /* ClosetViewController.swift in Sources */,
				70987C171CB985DE00D86FBA /* Font.swift in Sources */,
				706FF8961CBD6B95007B26AD /* PriceGraphCell.swift in Sources */,
				70987BFC1CB97A9900D86FBA /* LRWindow.swift in Sources */,
				70987C3B1CBAB4BF00D86FBA /* SimpleWebViewController.swift in Sources */,
				706FF8941CBD6B83007B26AD /* StyleCell.swift in Sources */,
				706FF88E1CBCBFC9007B26AD /* ClosetCell.swift in Sources */,
				70987BEC1CB9657900D86FBA /* Product.swift in Sources */,
				70987BEA1CB95F1900D86FBA /* ProductCollectionViewController.swift in Sources */,
				70987BF11CB9672200D86FBA /* ProductCell.swift in Sources */,
				706FF8911CBD6B6C007B26AD /* SizeCell.swift in Sources */,
				70987C2E1CB9A81C00D86FBA /* LRNavigationBar.swift in Sources */,
				706FF89E1CBD82D2007B26AD /* ReviewsViewController.swift in Sources */,
				706FF89C1CBD6E96007B26AD /* FeaturesCell.swift in Sources */,
				706FF8A31CBDF771007B26AD /* SimpleProductHeaderCell.swift in Sources */,
				706FF8981CBD6E3E007B26AD /* OverallReviewCell.swift in Sources */,
				70987BFA1CB9749700D86FBA /* Color.swift in Sources */,
				70987C331CB9CA1300D86FBA /* ProductHeaderCell.swift in Sources */,
				70987C1B1CB98A7700D86FBA /* NSAttributedString+Pricing.m in Sources */,
				70987C3D1CBBF07B00D86FBA /* GetStartedViewController.swift in Sources */,
				70987BEE1CB9658200D86FBA /* User.swift in Sources */,
				70D84A9F1CB9557300A70485 /* AppDelegate.swift in Sources */,
			);
			runOnlyForDeploymentPostprocessing = 0;
		};
/* End PBXSourcesBuildPhase section */

/* Begin PBXVariantGroup section */
		70D84AA21CB9557300A70485 /* Main.storyboard */ = {
			isa = PBXVariantGroup;
			children = (
				70D84AA31CB9557300A70485 /* Base */,
			);
			name = Main.storyboard;
			sourceTree = "<group>";
		};
		70D84AA71CB9557300A70485 /* LaunchScreen.storyboard */ = {
			isa = PBXVariantGroup;
			children = (
				70D84AA81CB9557300A70485 /* Base */,
			);
			name = LaunchScreen.storyboard;
			sourceTree = "<group>";
		};
/* End PBXVariantGroup section */

/* Begin XCBuildConfiguration section */
		70D84AAB1CB9557300A70485 /* Debug */ = {
			isa = XCBuildConfiguration;
			buildSettings = {
				ALWAYS_SEARCH_USER_PATHS = NO;
				CLANG_ANALYZER_NONNULL = YES;
				CLANG_CXX_LANGUAGE_STANDARD = "gnu++0x";
				CLANG_CXX_LIBRARY = "libc++";
				CLANG_ENABLE_MODULES = YES;
				CLANG_ENABLE_OBJC_ARC = YES;
				CLANG_WARN_BOOL_CONVERSION = YES;
				CLANG_WARN_CONSTANT_CONVERSION = YES;
				CLANG_WARN_DIRECT_OBJC_ISA_USAGE = YES_ERROR;
				CLANG_WARN_EMPTY_BODY = YES;
				CLANG_WARN_ENUM_CONVERSION = YES;
				CLANG_WARN_INT_CONVERSION = YES;
				CLANG_WARN_OBJC_ROOT_CLASS = YES_ERROR;
				CLANG_WARN_UNREACHABLE_CODE = YES;
				CLANG_WARN__DUPLICATE_METHOD_MATCH = YES;
				"CODE_SIGN_IDENTITY[sdk=iphoneos*]" = "iPhone Developer";
				COPY_PHASE_STRIP = NO;
				DEBUG_INFORMATION_FORMAT = dwarf;
				ENABLE_STRICT_OBJC_MSGSEND = YES;
				ENABLE_TESTABILITY = YES;
				GCC_C_LANGUAGE_STANDARD = gnu99;
				GCC_DYNAMIC_NO_PIC = NO;
				GCC_NO_COMMON_BLOCKS = YES;
				GCC_OPTIMIZATION_LEVEL = 0;
				GCC_PREPROCESSOR_DEFINITIONS = (
					"DEBUG=1",
					"$(inherited)",
				);
				GCC_WARN_64_TO_32_BIT_CONVERSION = YES;
				GCC_WARN_ABOUT_RETURN_TYPE = YES_ERROR;
				GCC_WARN_UNDECLARED_SELECTOR = YES;
				GCC_WARN_UNINITIALIZED_AUTOS = YES_AGGRESSIVE;
				GCC_WARN_UNUSED_FUNCTION = YES;
				GCC_WARN_UNUSED_VARIABLE = YES;
				IPHONEOS_DEPLOYMENT_TARGET = 9.3;
				MTL_ENABLE_DEBUG_INFO = YES;
				ONLY_ACTIVE_ARCH = YES;
				SDKROOT = iphoneos;
				SWIFT_OPTIMIZATION_LEVEL = "-Onone";
				TARGETED_DEVICE_FAMILY = "1,2";
			};
			name = Debug;
		};
		70D84AAC1CB9557300A70485 /* Release */ = {
			isa = XCBuildConfiguration;
			buildSettings = {
				ALWAYS_SEARCH_USER_PATHS = NO;
				CLANG_ANALYZER_NONNULL = YES;
				CLANG_CXX_LANGUAGE_STANDARD = "gnu++0x";
				CLANG_CXX_LIBRARY = "libc++";
				CLANG_ENABLE_MODULES = YES;
				CLANG_ENABLE_OBJC_ARC = YES;
				CLANG_WARN_BOOL_CONVERSION = YES;
				CLANG_WARN_CONSTANT_CONVERSION = YES;
				CLANG_WARN_DIRECT_OBJC_ISA_USAGE = YES_ERROR;
				CLANG_WARN_EMPTY_BODY = YES;
				CLANG_WARN_ENUM_CONVERSION = YES;
				CLANG_WARN_INT_CONVERSION = YES;
				CLANG_WARN_OBJC_ROOT_CLASS = YES_ERROR;
				CLANG_WARN_UNREACHABLE_CODE = YES;
				CLANG_WARN__DUPLICATE_METHOD_MATCH = YES;
				"CODE_SIGN_IDENTITY[sdk=iphoneos*]" = "iPhone Developer";
				COPY_PHASE_STRIP = NO;
				DEBUG_INFORMATION_FORMAT = "dwarf-with-dsym";
				ENABLE_NS_ASSERTIONS = NO;
				ENABLE_STRICT_OBJC_MSGSEND = YES;
				GCC_C_LANGUAGE_STANDARD = gnu99;
				GCC_NO_COMMON_BLOCKS = YES;
				GCC_WARN_64_TO_32_BIT_CONVERSION = YES;
				GCC_WARN_ABOUT_RETURN_TYPE = YES_ERROR;
				GCC_WARN_UNDECLARED_SELECTOR = YES;
				GCC_WARN_UNINITIALIZED_AUTOS = YES_AGGRESSIVE;
				GCC_WARN_UNUSED_FUNCTION = YES;
				GCC_WARN_UNUSED_VARIABLE = YES;
				IPHONEOS_DEPLOYMENT_TARGET = 9.3;
				MTL_ENABLE_DEBUG_INFO = NO;
				SDKROOT = iphoneos;
				TARGETED_DEVICE_FAMILY = "1,2";
				VALIDATE_PRODUCT = YES;
			};
			name = Release;
		};
		70D84AAE1CB9557300A70485 /* Debug */ = {
			isa = XCBuildConfiguration;
			baseConfigurationReference = 2617CC4AE1CA59B7C7DFB253 /* Pods-Layers.debug.xcconfig */;
			buildSettings = {
				ASSETCATALOG_COMPILER_APPICON_NAME = AppIcon;
				INFOPLIST_FILE = Layers/Info.plist;
				IPHONEOS_DEPLOYMENT_TARGET = 9.0;
				LD_RUNPATH_SEARCH_PATHS = "$(inherited) @executable_path/Frameworks";
				PRODUCT_BUNDLE_IDENTIFIER = com.layers.Layers;
				PRODUCT_NAME = "$(TARGET_NAME)";
				SWIFT_OBJC_BRIDGING_HEADER = "/Users/davidhodge/Documents/Github Repos/layers-ios-swift/Layers/Layers/Layers-BridgingHeader.h";
			};
			name = Debug;
		};
		70D84AAF1CB9557300A70485 /* Release */ = {
			isa = XCBuildConfiguration;
			baseConfigurationReference = 3FCE59FA6B494AAB3C36EE8C /* Pods-Layers.release.xcconfig */;
			buildSettings = {
				ASSETCATALOG_COMPILER_APPICON_NAME = AppIcon;
				INFOPLIST_FILE = Layers/Info.plist;
				IPHONEOS_DEPLOYMENT_TARGET = 9.0;
				LD_RUNPATH_SEARCH_PATHS = "$(inherited) @executable_path/Frameworks";
				PRODUCT_BUNDLE_IDENTIFIER = com.layers.Layers;
				PRODUCT_NAME = "$(TARGET_NAME)";
				SWIFT_OBJC_BRIDGING_HEADER = "/Users/davidhodge/Documents/Github Repos/layers-ios-swift/Layers/Layers/Layers-BridgingHeader.h";
			};
			name = Release;
		};
/* End XCBuildConfiguration section */

/* Begin XCConfigurationList section */
		70D84A961CB9557200A70485 /* Build configuration list for PBXProject "Layers" */ = {
			isa = XCConfigurationList;
			buildConfigurations = (
				70D84AAB1CB9557300A70485 /* Debug */,
				70D84AAC1CB9557300A70485 /* Release */,
			);
			defaultConfigurationIsVisible = 0;
			defaultConfigurationName = Release;
		};
		70D84AAD1CB9557300A70485 /* Build configuration list for PBXNativeTarget "Layers" */ = {
			isa = XCConfigurationList;
			buildConfigurations = (
				70D84AAE1CB9557300A70485 /* Debug */,
				70D84AAF1CB9557300A70485 /* Release */,
			);
			defaultConfigurationIsVisible = 0;
			defaultConfigurationName = Release;
		};
/* End XCConfigurationList section */
	};
	rootObject = 70D84A931CB9557200A70485 /* Project object */;
}
